
Microsoft Visual Studio Solution File, Format Version 12.00
# Visual Studio Version 17
VisualStudioVersion = 17.6.33815.320
MinimumVisualStudioVersion = 10.0.40219.1
Project("{FAE04EC0-301F-11D3-BF4B-00C04F79EFBC}") = "Quiz014", "Quiz014\Quiz014.csproj", "{62E5BB60-3E19-4F37-9B07-5A2DDEB4BE3F}"
EndProject
Global
	GlobalSection(SolutionConfigurationPlatforms) = preSolution
		Debug|Any CPU = Debug|Any CPU
		Release|Any CPU = Release|Any CPU
	EndGlobalSection
	GlobalSection(ProjectConfigurationPlatforms) = postSolution
		{62E5BB60-3E19-4F37-9B07-5A2DDEB4BE3F}.Debug|Any CPU.ActiveCfg = Debug|Any CPU
		{62E5BB60-3E19-4F37-9B07-5A2DDEB4BE3F}.Debug|Any CPU.Build.0 = Debug|Any CPU
		{62E5BB60-3E19-4F37-9B07-5A2DDEB4BE3F}.Release|Any CPU.ActiveCfg = Release|Any CPU
		{62E5BB60-3E19-4F37-9B07-5A2DDEB4BE3F}.Release|Any CPU.Build.0 = Release|Any CPU
	EndGlobalSection
	GlobalSection(SolutionProperties) = preSolution
		HideSolutionNode = FALSE
	EndGlobalSection
	GlobalSection(ExtensibilityGlobals) = postSolution
		SolutionGuid = {993A271F-F072-4B67-8354-0DD948D88C6F}
	EndGlobalSection
EndGlobal
