
Microsoft Visual Studio Solution File, Format Version 12.00
# Visual Studio Version 17
VisualStudioVersion = 17.6.33815.320
MinimumVisualStudioVersion = 10.0.40219.1
Project("{FAE04EC0-301F-11D3-BF4B-00C04F79EFBC}") = "App080", "App080\App080.csproj", "{14352AD2-C2BC-488C-89E8-53E8C6EDA144}"
EndProject
Global
	GlobalSection(SolutionConfigurationPlatforms) = preSolution
		Debug|Any CPU = Debug|Any CPU
		Release|Any CPU = Release|Any CPU
	EndGlobalSection
	GlobalSection(ProjectConfigurationPlatforms) = postSolution
		{14352AD2-C2BC-488C-89E8-53E8C6EDA144}.Debug|Any CPU.ActiveCfg = Debug|Any CPU
		{14352AD2-C2BC-488C-89E8-53E8C6EDA144}.Debug|Any CPU.Build.0 = Debug|Any CPU
		{14352AD2-C2BC-488C-89E8-53E8C6EDA144}.Release|Any CPU.ActiveCfg = Release|Any CPU
		{14352AD2-C2BC-488C-89E8-53E8C6EDA144}.Release|Any CPU.Build.0 = Release|Any CPU
	EndGlobalSection
	GlobalSection(SolutionProperties) = preSolution
		HideSolutionNode = FALSE
	EndGlobalSection
	GlobalSection(ExtensibilityGlobals) = postSolution
		SolutionGuid = {91CB4B3F-DCD9-4D59-8BAA-FCFE89648D83}
	EndGlobalSection
EndGlobal
