
Microsoft Visual Studio Solution File, Format Version 12.00
# Visual Studio Version 17
VisualStudioVersion = 17.6.33815.320
MinimumVisualStudioVersion = 10.0.40219.1
Project("{FAE04EC0-301F-11D3-BF4B-00C04F79EFBC}") = "App109", "App109\App109.csproj", "{004FB1F5-D076-42F7-8924-46F679124900}"
EndProject
Global
	GlobalSection(SolutionConfigurationPlatforms) = preSolution
		Debug|Any CPU = Debug|Any CPU
		Release|Any CPU = Release|Any CPU
	EndGlobalSection
	GlobalSection(ProjectConfigurationPlatforms) = postSolution
		{004FB1F5-D076-42F7-8924-46F679124900}.Debug|Any CPU.ActiveCfg = Debug|Any CPU
		{004FB1F5-D076-42F7-8924-46F679124900}.Debug|Any CPU.Build.0 = Debug|Any CPU
		{004FB1F5-D076-42F7-8924-46F679124900}.Release|Any CPU.ActiveCfg = Release|Any CPU
		{004FB1F5-D076-42F7-8924-46F679124900}.Release|Any CPU.Build.0 = Release|Any CPU
	EndGlobalSection
	GlobalSection(SolutionProperties) = preSolution
		HideSolutionNode = FALSE
	EndGlobalSection
	GlobalSection(ExtensibilityGlobals) = postSolution
		SolutionGuid = {335276B0-35B6-4C53-98C8-AFBAD4733122}
	EndGlobalSection
EndGlobal
