
Microsoft Visual Studio Solution File, Format Version 12.00
# Visual Studio Version 17
VisualStudioVersion = 17.6.33815.320
MinimumVisualStudioVersion = 10.0.40219.1
Project("{FAE04EC0-301F-11D3-BF4B-00C04F79EFBC}") = "Quiz022", "Quiz022\Quiz022.csproj", "{02EF5B88-BAAA-4D78-9DE0-EC72CD0352A1}"
EndProject
Global
	GlobalSection(SolutionConfigurationPlatforms) = preSolution
		Debug|Any CPU = Debug|Any CPU
		Release|Any CPU = Release|Any CPU
	EndGlobalSection
	GlobalSection(ProjectConfigurationPlatforms) = postSolution
		{02EF5B88-BAAA-4D78-9DE0-EC72CD0352A1}.Debug|Any CPU.ActiveCfg = Debug|Any CPU
		{02EF5B88-BAAA-4D78-9DE0-EC72CD0352A1}.Debug|Any CPU.Build.0 = Debug|Any CPU
		{02EF5B88-BAAA-4D78-9DE0-EC72CD0352A1}.Release|Any CPU.ActiveCfg = Release|Any CPU
		{02EF5B88-BAAA-4D78-9DE0-EC72CD0352A1}.Release|Any CPU.Build.0 = Release|Any CPU
	EndGlobalSection
	GlobalSection(SolutionProperties) = preSolution
		HideSolutionNode = FALSE
	EndGlobalSection
	GlobalSection(ExtensibilityGlobals) = postSolution
		SolutionGuid = {BBFCDE92-2A95-49CB-BB0E-EF2AA014C55C}
	EndGlobalSection
EndGlobal
