
Microsoft Visual Studio Solution File, Format Version 12.00
# Visual Studio Version 17
VisualStudioVersion = 17.6.33815.320
MinimumVisualStudioVersion = 10.0.40219.1
Project("{FAE04EC0-301F-11D3-BF4B-00C04F79EFBC}") = "WinFormsApp012", "WinFormsApp012\WinFormsApp012.csproj", "{7CCC8466-5C9C-4149-9B54-3ECA63591576}"
EndProject
Global
	GlobalSection(SolutionConfigurationPlatforms) = preSolution
		Debug|Any CPU = Debug|Any CPU
		Release|Any CPU = Release|Any CPU
	EndGlobalSection
	GlobalSection(ProjectConfigurationPlatforms) = postSolution
		{7CCC8466-5C9C-4149-9B54-3ECA63591576}.Debug|Any CPU.ActiveCfg = Debug|Any CPU
		{7CCC8466-5C9C-4149-9B54-3ECA63591576}.Debug|Any CPU.Build.0 = Debug|Any CPU
		{7CCC8466-5C9C-4149-9B54-3ECA63591576}.Release|Any CPU.ActiveCfg = Release|Any CPU
		{7CCC8466-5C9C-4149-9B54-3ECA63591576}.Release|Any CPU.Build.0 = Release|Any CPU
	EndGlobalSection
	GlobalSection(SolutionProperties) = preSolution
		HideSolutionNode = FALSE
	EndGlobalSection
	GlobalSection(ExtensibilityGlobals) = postSolution
		SolutionGuid = {57483D20-2134-47DE-AEA4-69B71207B44E}
	EndGlobalSection
EndGlobal
