
Microsoft Visual Studio Solution File, Format Version 12.00
# Visual Studio Version 17
VisualStudioVersion = 17.6.33815.320
MinimumVisualStudioVersion = 10.0.40219.1
Project("{FAE04EC0-301F-11D3-BF4B-00C04F79EFBC}") = "Quiz063", "Quiz063\Quiz063.csproj", "{098FD23E-85CE-4174-B7ED-1D9FB45CA708}"
EndProject
Global
	GlobalSection(SolutionConfigurationPlatforms) = preSolution
		Debug|Any CPU = Debug|Any CPU
		Release|Any CPU = Release|Any CPU
	EndGlobalSection
	GlobalSection(ProjectConfigurationPlatforms) = postSolution
		{098FD23E-85CE-4174-B7ED-1D9FB45CA708}.Debug|Any CPU.ActiveCfg = Debug|Any CPU
		{098FD23E-85CE-4174-B7ED-1D9FB45CA708}.Debug|Any CPU.Build.0 = Debug|Any CPU
		{098FD23E-85CE-4174-B7ED-1D9FB45CA708}.Release|Any CPU.ActiveCfg = Release|Any CPU
		{098FD23E-85CE-4174-B7ED-1D9FB45CA708}.Release|Any CPU.Build.0 = Release|Any CPU
	EndGlobalSection
	GlobalSection(SolutionProperties) = preSolution
		HideSolutionNode = FALSE
	EndGlobalSection
	GlobalSection(ExtensibilityGlobals) = postSolution
		SolutionGuid = {C054A68A-F631-4CAF-ACFC-7A20BDBDC6EC}
	EndGlobalSection
EndGlobal
