
Microsoft Visual Studio Solution File, Format Version 12.00
# Visual Studio Version 17
VisualStudioVersion = 17.6.33815.320
MinimumVisualStudioVersion = 10.0.40219.1
Project("{FAE04EC0-301F-11D3-BF4B-00C04F79EFBC}") = "WindowsFormsApp022", "WindowsFormsApp022\WindowsFormsApp022.csproj", "{81D8E77B-DDCA-4FD8-B7F9-0E2DAD047003}"
EndProject
Global
	GlobalSection(SolutionConfigurationPlatforms) = preSolution
		Debug|Any CPU = Debug|Any CPU
		Release|Any CPU = Release|Any CPU
	EndGlobalSection
	GlobalSection(ProjectConfigurationPlatforms) = postSolution
		{81D8E77B-DDCA-4FD8-B7F9-0E2DAD047003}.Debug|Any CPU.ActiveCfg = Debug|Any CPU
		{81D8E77B-DDCA-4FD8-B7F9-0E2DAD047003}.Debug|Any CPU.Build.0 = Debug|Any CPU
		{81D8E77B-DDCA-4FD8-B7F9-0E2DAD047003}.Release|Any CPU.ActiveCfg = Release|Any CPU
		{81D8E77B-DDCA-4FD8-B7F9-0E2DAD047003}.Release|Any CPU.Build.0 = Release|Any CPU
	EndGlobalSection
	GlobalSection(SolutionProperties) = preSolution
		HideSolutionNode = FALSE
	EndGlobalSection
	GlobalSection(ExtensibilityGlobals) = postSolution
		SolutionGuid = {9C6D9C41-0582-4C90-96C4-50CF1304BFAE}
	EndGlobalSection
EndGlobal
