
Microsoft Visual Studio Solution File, Format Version 12.00
# Visual Studio Version 17
VisualStudioVersion = 17.7.34009.444
MinimumVisualStudioVersion = 10.0.40219.1
Project("{FAE04EC0-301F-11D3-BF4B-00C04F79EFBC}") = "WebAppMVC_Model1", "WebAppMVC_Model1\WebAppMVC_Model1.csproj", "{4AEE6D69-812C-4DD3-98C6-1060F8DFD8FB}"
EndProject
Global
	GlobalSection(SolutionConfigurationPlatforms) = preSolution
		Debug|Any CPU = Debug|Any CPU
		Release|Any CPU = Release|Any CPU
	EndGlobalSection
	GlobalSection(ProjectConfigurationPlatforms) = postSolution
		{4AEE6D69-812C-4DD3-98C6-1060F8DFD8FB}.Debug|Any CPU.ActiveCfg = Debug|Any CPU
		{4AEE6D69-812C-4DD3-98C6-1060F8DFD8FB}.Debug|Any CPU.Build.0 = Debug|Any CPU
		{4AEE6D69-812C-4DD3-98C6-1060F8DFD8FB}.Release|Any CPU.ActiveCfg = Release|Any CPU
		{4AEE6D69-812C-4DD3-98C6-1060F8DFD8FB}.Release|Any CPU.Build.0 = Release|Any CPU
	EndGlobalSection
	GlobalSection(SolutionProperties) = preSolution
		HideSolutionNode = FALSE
	EndGlobalSection
	GlobalSection(ExtensibilityGlobals) = postSolution
		SolutionGuid = {CABEE8E4-538C-4B53-A5AA-0815B2F73C86}
	EndGlobalSection
EndGlobal
