
Microsoft Visual Studio Solution File, Format Version 12.00
# Visual Studio Version 17
VisualStudioVersion = 17.6.33815.320
MinimumVisualStudioVersion = 10.0.40219.1
Project("{FAE04EC0-301F-11D3-BF4B-00C04F79EFBC}") = "Quiz013", "Quiz013\Quiz013.csproj", "{B2BB5D5E-3CEE-4C70-A920-6EBC7CCB9138}"
EndProject
Global
	GlobalSection(SolutionConfigurationPlatforms) = preSolution
		Debug|Any CPU = Debug|Any CPU
		Release|Any CPU = Release|Any CPU
	EndGlobalSection
	GlobalSection(ProjectConfigurationPlatforms) = postSolution
		{B2BB5D5E-3CEE-4C70-A920-6EBC7CCB9138}.Debug|Any CPU.ActiveCfg = Debug|Any CPU
		{B2BB5D5E-3CEE-4C70-A920-6EBC7CCB9138}.Debug|Any CPU.Build.0 = Debug|Any CPU
		{B2BB5D5E-3CEE-4C70-A920-6EBC7CCB9138}.Release|Any CPU.ActiveCfg = Release|Any CPU
		{B2BB5D5E-3CEE-4C70-A920-6EBC7CCB9138}.Release|Any CPU.Build.0 = Release|Any CPU
	EndGlobalSection
	GlobalSection(SolutionProperties) = preSolution
		HideSolutionNode = FALSE
	EndGlobalSection
	GlobalSection(ExtensibilityGlobals) = postSolution
		SolutionGuid = {FE3949CF-0E20-4127-B86A-DC8292715A96}
	EndGlobalSection
EndGlobal
