
Microsoft Visual Studio Solution File, Format Version 12.00
# Visual Studio Version 17
VisualStudioVersion = 17.6.33815.320
MinimumVisualStudioVersion = 10.0.40219.1
Project("{FAE04EC0-301F-11D3-BF4B-00C04F79EFBC}") = "App148", "App148\App148.csproj", "{BDB8E4A1-9C69-4825-91B8-415BBE0717D8}"
EndProject
Global
	GlobalSection(SolutionConfigurationPlatforms) = preSolution
		Debug|Any CPU = Debug|Any CPU
		Release|Any CPU = Release|Any CPU
	EndGlobalSection
	GlobalSection(ProjectConfigurationPlatforms) = postSolution
		{BDB8E4A1-9C69-4825-91B8-415BBE0717D8}.Debug|Any CPU.ActiveCfg = Debug|Any CPU
		{BDB8E4A1-9C69-4825-91B8-415BBE0717D8}.Debug|Any CPU.Build.0 = Debug|Any CPU
		{BDB8E4A1-9C69-4825-91B8-415BBE0717D8}.Release|Any CPU.ActiveCfg = Release|Any CPU
		{BDB8E4A1-9C69-4825-91B8-415BBE0717D8}.Release|Any CPU.Build.0 = Release|Any CPU
	EndGlobalSection
	GlobalSection(SolutionProperties) = preSolution
		HideSolutionNode = FALSE
	EndGlobalSection
	GlobalSection(ExtensibilityGlobals) = postSolution
		SolutionGuid = {9BD951B7-2462-404C-B79A-962AB563DBA4}
	EndGlobalSection
EndGlobal
