
Microsoft Visual Studio Solution File, Format Version 12.00
# Visual Studio Version 17
VisualStudioVersion = 17.6.33815.320
MinimumVisualStudioVersion = 10.0.40219.1
Project("{FAE04EC0-301F-11D3-BF4B-00C04F79EFBC}") = "Quiz050", "Quiz050\Quiz050.csproj", "{817E4695-1BC4-4721-96A6-92955AE9251B}"
EndProject
Global
	GlobalSection(SolutionConfigurationPlatforms) = preSolution
		Debug|Any CPU = Debug|Any CPU
		Release|Any CPU = Release|Any CPU
	EndGlobalSection
	GlobalSection(ProjectConfigurationPlatforms) = postSolution
		{817E4695-1BC4-4721-96A6-92955AE9251B}.Debug|Any CPU.ActiveCfg = Debug|Any CPU
		{817E4695-1BC4-4721-96A6-92955AE9251B}.Debug|Any CPU.Build.0 = Debug|Any CPU
		{817E4695-1BC4-4721-96A6-92955AE9251B}.Release|Any CPU.ActiveCfg = Release|Any CPU
		{817E4695-1BC4-4721-96A6-92955AE9251B}.Release|Any CPU.Build.0 = Release|Any CPU
	EndGlobalSection
	GlobalSection(SolutionProperties) = preSolution
		HideSolutionNode = FALSE
	EndGlobalSection
	GlobalSection(ExtensibilityGlobals) = postSolution
		SolutionGuid = {98885FB6-34C7-4D6A-B1AA-5D5C42ACA807}
	EndGlobalSection
EndGlobal
