
Microsoft Visual Studio Solution File, Format Version 12.00
# Visual Studio Version 17
VisualStudioVersion = 17.7.34009.444
MinimumVisualStudioVersion = 10.0.40219.1
Project("{FAE04EC0-301F-11D3-BF4B-00C04F79EFBC}") = "LINQAPP_01", "LINQAPP_01\LINQAPP_01.csproj", "{7D3F6D86-8458-4347-ACB0-65C60E13A6B6}"
EndProject
Global
	GlobalSection(SolutionConfigurationPlatforms) = preSolution
		Debug|Any CPU = Debug|Any CPU
		Release|Any CPU = Release|Any CPU
	EndGlobalSection
	GlobalSection(ProjectConfigurationPlatforms) = postSolution
		{7D3F6D86-8458-4347-ACB0-65C60E13A6B6}.Debug|Any CPU.ActiveCfg = Debug|Any CPU
		{7D3F6D86-8458-4347-ACB0-65C60E13A6B6}.Debug|Any CPU.Build.0 = Debug|Any CPU
		{7D3F6D86-8458-4347-ACB0-65C60E13A6B6}.Release|Any CPU.ActiveCfg = Release|Any CPU
		{7D3F6D86-8458-4347-ACB0-65C60E13A6B6}.Release|Any CPU.Build.0 = Release|Any CPU
	EndGlobalSection
	GlobalSection(SolutionProperties) = preSolution
		HideSolutionNode = FALSE
	EndGlobalSection
	GlobalSection(ExtensibilityGlobals) = postSolution
		SolutionGuid = {24BDBFA3-EB17-4DA6-B189-FD449CBF47B0}
	EndGlobalSection
EndGlobal
