
Microsoft Visual Studio Solution File, Format Version 12.00
# Visual Studio Version 17
VisualStudioVersion = 17.7.34009.444
MinimumVisualStudioVersion = 10.0.40219.1
Project("{FAE04EC0-301F-11D3-BF4B-00C04F79EFBC}") = "WebAppMVC_QUIZ2", "WebAppMVC_QUIZ2\WebAppMVC_QUIZ2.csproj", "{4129B716-559E-4426-9060-E2BD85B790C9}"
EndProject
Global
	GlobalSection(SolutionConfigurationPlatforms) = preSolution
		Debug|Any CPU = Debug|Any CPU
		Release|Any CPU = Release|Any CPU
	EndGlobalSection
	GlobalSection(ProjectConfigurationPlatforms) = postSolution
		{4129B716-559E-4426-9060-E2BD85B790C9}.Debug|Any CPU.ActiveCfg = Debug|Any CPU
		{4129B716-559E-4426-9060-E2BD85B790C9}.Debug|Any CPU.Build.0 = Debug|Any CPU
		{4129B716-559E-4426-9060-E2BD85B790C9}.Release|Any CPU.ActiveCfg = Release|Any CPU
		{4129B716-559E-4426-9060-E2BD85B790C9}.Release|Any CPU.Build.0 = Release|Any CPU
	EndGlobalSection
	GlobalSection(SolutionProperties) = preSolution
		HideSolutionNode = FALSE
	EndGlobalSection
	GlobalSection(ExtensibilityGlobals) = postSolution
		SolutionGuid = {6FEF5D1F-73FB-4ACD-8DFA-5A705F714984}
	EndGlobalSection
EndGlobal
