
Microsoft Visual Studio Solution File, Format Version 12.00
# Visual Studio Version 17
VisualStudioVersion = 17.6.33815.320
MinimumVisualStudioVersion = 10.0.40219.1
Project("{FAE04EC0-301F-11D3-BF4B-00C04F79EFBC}") = "App32", "App32\App32.csproj", "{92A5F0E1-60FA-4205-B761-CAD8AEC6023C}"
EndProject
Global
	GlobalSection(SolutionConfigurationPlatforms) = preSolution
		Debug|Any CPU = Debug|Any CPU
		Release|Any CPU = Release|Any CPU
	EndGlobalSection
	GlobalSection(ProjectConfigurationPlatforms) = postSolution
		{92A5F0E1-60FA-4205-B761-CAD8AEC6023C}.Debug|Any CPU.ActiveCfg = Debug|Any CPU
		{92A5F0E1-60FA-4205-B761-CAD8AEC6023C}.Debug|Any CPU.Build.0 = Debug|Any CPU
		{92A5F0E1-60FA-4205-B761-CAD8AEC6023C}.Release|Any CPU.ActiveCfg = Release|Any CPU
		{92A5F0E1-60FA-4205-B761-CAD8AEC6023C}.Release|Any CPU.Build.0 = Release|Any CPU
	EndGlobalSection
	GlobalSection(SolutionProperties) = preSolution
		HideSolutionNode = FALSE
	EndGlobalSection
	GlobalSection(ExtensibilityGlobals) = postSolution
		SolutionGuid = {00DF7FF3-669B-4C8E-8E84-911003251AA0}
	EndGlobalSection
EndGlobal
