
Microsoft Visual Studio Solution File, Format Version 12.00
# Visual Studio Version 17
VisualStudioVersion = 17.6.33815.320
MinimumVisualStudioVersion = 10.0.40219.1
Project("{FAE04EC0-301F-11D3-BF4B-00C04F79EFBC}") = "App142", "App142\App142.csproj", "{1FBF94B8-4C07-4602-9864-8289DABBB193}"
EndProject
Global
	GlobalSection(SolutionConfigurationPlatforms) = preSolution
		Debug|Any CPU = Debug|Any CPU
		Release|Any CPU = Release|Any CPU
	EndGlobalSection
	GlobalSection(ProjectConfigurationPlatforms) = postSolution
		{1FBF94B8-4C07-4602-9864-8289DABBB193}.Debug|Any CPU.ActiveCfg = Debug|Any CPU
		{1FBF94B8-4C07-4602-9864-8289DABBB193}.Debug|Any CPU.Build.0 = Debug|Any CPU
		{1FBF94B8-4C07-4602-9864-8289DABBB193}.Release|Any CPU.ActiveCfg = Release|Any CPU
		{1FBF94B8-4C07-4602-9864-8289DABBB193}.Release|Any CPU.Build.0 = Release|Any CPU
	EndGlobalSection
	GlobalSection(SolutionProperties) = preSolution
		HideSolutionNode = FALSE
	EndGlobalSection
	GlobalSection(ExtensibilityGlobals) = postSolution
		SolutionGuid = {F4B1B7D8-1F52-43D7-AA36-B73FB20BD6FF}
	EndGlobalSection
EndGlobal
