
Microsoft Visual Studio Solution File, Format Version 12.00
# Visual Studio Version 17
VisualStudioVersion = 17.6.33815.320
MinimumVisualStudioVersion = 10.0.40219.1
Project("{FAE04EC0-301F-11D3-BF4B-00C04F79EFBC}") = "Quiz005", "Quiz005\Quiz005.csproj", "{AB3BFB56-910F-45C7-8D07-2A49397A6CCB}"
EndProject
Global
	GlobalSection(SolutionConfigurationPlatforms) = preSolution
		Debug|Any CPU = Debug|Any CPU
		Release|Any CPU = Release|Any CPU
	EndGlobalSection
	GlobalSection(ProjectConfigurationPlatforms) = postSolution
		{AB3BFB56-910F-45C7-8D07-2A49397A6CCB}.Debug|Any CPU.ActiveCfg = Debug|Any CPU
		{AB3BFB56-910F-45C7-8D07-2A49397A6CCB}.Debug|Any CPU.Build.0 = Debug|Any CPU
		{AB3BFB56-910F-45C7-8D07-2A49397A6CCB}.Release|Any CPU.ActiveCfg = Release|Any CPU
		{AB3BFB56-910F-45C7-8D07-2A49397A6CCB}.Release|Any CPU.Build.0 = Release|Any CPU
	EndGlobalSection
	GlobalSection(SolutionProperties) = preSolution
		HideSolutionNode = FALSE
	EndGlobalSection
	GlobalSection(ExtensibilityGlobals) = postSolution
		SolutionGuid = {18F1553A-C684-4FBB-9EA0-897CD92723BA}
	EndGlobalSection
EndGlobal
