
Microsoft Visual Studio Solution File, Format Version 12.00
# Visual Studio Version 17
VisualStudioVersion = 17.6.33815.320
MinimumVisualStudioVersion = 10.0.40219.1
Project("{FAE04EC0-301F-11D3-BF4B-00C04F79EFBC}") = "Quiz019", "Quiz019\Quiz019.csproj", "{3A28AF03-66B0-4F99-87D0-F7D2E483DC6A}"
EndProject
Global
	GlobalSection(SolutionConfigurationPlatforms) = preSolution
		Debug|Any CPU = Debug|Any CPU
		Release|Any CPU = Release|Any CPU
	EndGlobalSection
	GlobalSection(ProjectConfigurationPlatforms) = postSolution
		{3A28AF03-66B0-4F99-87D0-F7D2E483DC6A}.Debug|Any CPU.ActiveCfg = Debug|Any CPU
		{3A28AF03-66B0-4F99-87D0-F7D2E483DC6A}.Debug|Any CPU.Build.0 = Debug|Any CPU
		{3A28AF03-66B0-4F99-87D0-F7D2E483DC6A}.Release|Any CPU.ActiveCfg = Release|Any CPU
		{3A28AF03-66B0-4F99-87D0-F7D2E483DC6A}.Release|Any CPU.Build.0 = Release|Any CPU
	EndGlobalSection
	GlobalSection(SolutionProperties) = preSolution
		HideSolutionNode = FALSE
	EndGlobalSection
	GlobalSection(ExtensibilityGlobals) = postSolution
		SolutionGuid = {11DBF777-4163-495E-B5D3-28B9268E7861}
	EndGlobalSection
EndGlobal
