
Microsoft Visual Studio Solution File, Format Version 12.00
# Visual Studio Version 17
VisualStudioVersion = 17.6.33815.320
MinimumVisualStudioVersion = 10.0.40219.1
Project("{FAE04EC0-301F-11D3-BF4B-00C04F79EFBC}") = "App070", "App070\App070.csproj", "{05FE3F52-DF61-48DC-AAB3-FD9073398272}"
EndProject
Global
	GlobalSection(SolutionConfigurationPlatforms) = preSolution
		Debug|Any CPU = Debug|Any CPU
		Release|Any CPU = Release|Any CPU
	EndGlobalSection
	GlobalSection(ProjectConfigurationPlatforms) = postSolution
		{05FE3F52-DF61-48DC-AAB3-FD9073398272}.Debug|Any CPU.ActiveCfg = Debug|Any CPU
		{05FE3F52-DF61-48DC-AAB3-FD9073398272}.Debug|Any CPU.Build.0 = Debug|Any CPU
		{05FE3F52-DF61-48DC-AAB3-FD9073398272}.Release|Any CPU.ActiveCfg = Release|Any CPU
		{05FE3F52-DF61-48DC-AAB3-FD9073398272}.Release|Any CPU.Build.0 = Release|Any CPU
	EndGlobalSection
	GlobalSection(SolutionProperties) = preSolution
		HideSolutionNode = FALSE
	EndGlobalSection
	GlobalSection(ExtensibilityGlobals) = postSolution
		SolutionGuid = {DDA2EFD6-E241-495B-8D4A-1D03263B8D0D}
	EndGlobalSection
EndGlobal
