
Microsoft Visual Studio Solution File, Format Version 12.00
# Visual Studio Version 17
VisualStudioVersion = 17.6.33815.320
MinimumVisualStudioVersion = 10.0.40219.1
Project("{FAE04EC0-301F-11D3-BF4B-00C04F79EFBC}") = "Quiz040", "Quiz040\Quiz040.csproj", "{AFC79FF8-0FFC-48CB-83C5-CD0DEE96FF9B}"
EndProject
Global
	GlobalSection(SolutionConfigurationPlatforms) = preSolution
		Debug|Any CPU = Debug|Any CPU
		Release|Any CPU = Release|Any CPU
	EndGlobalSection
	GlobalSection(ProjectConfigurationPlatforms) = postSolution
		{AFC79FF8-0FFC-48CB-83C5-CD0DEE96FF9B}.Debug|Any CPU.ActiveCfg = Debug|Any CPU
		{AFC79FF8-0FFC-48CB-83C5-CD0DEE96FF9B}.Debug|Any CPU.Build.0 = Debug|Any CPU
		{AFC79FF8-0FFC-48CB-83C5-CD0DEE96FF9B}.Release|Any CPU.ActiveCfg = Release|Any CPU
		{AFC79FF8-0FFC-48CB-83C5-CD0DEE96FF9B}.Release|Any CPU.Build.0 = Release|Any CPU
	EndGlobalSection
	GlobalSection(SolutionProperties) = preSolution
		HideSolutionNode = FALSE
	EndGlobalSection
	GlobalSection(ExtensibilityGlobals) = postSolution
		SolutionGuid = {F9A7EE0B-073D-4424-A6EB-A58EA5F42651}
	EndGlobalSection
EndGlobal
