
Microsoft Visual Studio Solution File, Format Version 12.00
# Visual Studio Version 17
VisualStudioVersion = 17.6.33815.320
MinimumVisualStudioVersion = 10.0.40219.1
Project("{FAE04EC0-301F-11D3-BF4B-00C04F79EFBC}") = "App149", "App149\App149.csproj", "{F7CB81C6-CD61-4781-B648-E1A42C3DACE3}"
EndProject
Global
	GlobalSection(SolutionConfigurationPlatforms) = preSolution
		Debug|Any CPU = Debug|Any CPU
		Release|Any CPU = Release|Any CPU
	EndGlobalSection
	GlobalSection(ProjectConfigurationPlatforms) = postSolution
		{F7CB81C6-CD61-4781-B648-E1A42C3DACE3}.Debug|Any CPU.ActiveCfg = Debug|Any CPU
		{F7CB81C6-CD61-4781-B648-E1A42C3DACE3}.Debug|Any CPU.Build.0 = Debug|Any CPU
		{F7CB81C6-CD61-4781-B648-E1A42C3DACE3}.Release|Any CPU.ActiveCfg = Release|Any CPU
		{F7CB81C6-CD61-4781-B648-E1A42C3DACE3}.Release|Any CPU.Build.0 = Release|Any CPU
	EndGlobalSection
	GlobalSection(SolutionProperties) = preSolution
		HideSolutionNode = FALSE
	EndGlobalSection
	GlobalSection(ExtensibilityGlobals) = postSolution
		SolutionGuid = {C2F4FF6B-ABD9-4CE9-969A-8EB02FDD4F81}
	EndGlobalSection
EndGlobal
