
Microsoft Visual Studio Solution File, Format Version 12.00
# Visual Studio Version 17
VisualStudioVersion = 17.6.33815.320
MinimumVisualStudioVersion = 10.0.40219.1
Project("{FAE04EC0-301F-11D3-BF4B-00C04F79EFBC}") = "Quiz044", "Quiz044\Quiz044.csproj", "{194476F5-5B8A-4DAE-ADDD-571B67FCF9BF}"
EndProject
Global
	GlobalSection(SolutionConfigurationPlatforms) = preSolution
		Debug|Any CPU = Debug|Any CPU
		Release|Any CPU = Release|Any CPU
	EndGlobalSection
	GlobalSection(ProjectConfigurationPlatforms) = postSolution
		{194476F5-5B8A-4DAE-ADDD-571B67FCF9BF}.Debug|Any CPU.ActiveCfg = Debug|Any CPU
		{194476F5-5B8A-4DAE-ADDD-571B67FCF9BF}.Debug|Any CPU.Build.0 = Debug|Any CPU
		{194476F5-5B8A-4DAE-ADDD-571B67FCF9BF}.Release|Any CPU.ActiveCfg = Release|Any CPU
		{194476F5-5B8A-4DAE-ADDD-571B67FCF9BF}.Release|Any CPU.Build.0 = Release|Any CPU
	EndGlobalSection
	GlobalSection(SolutionProperties) = preSolution
		HideSolutionNode = FALSE
	EndGlobalSection
	GlobalSection(ExtensibilityGlobals) = postSolution
		SolutionGuid = {977F0028-D3D0-42AF-8227-68F0181A37FA}
	EndGlobalSection
EndGlobal
