
Microsoft Visual Studio Solution File, Format Version 12.00
# Visual Studio Version 17
VisualStudioVersion = 17.6.33815.320
MinimumVisualStudioVersion = 10.0.40219.1
Project("{FAE04EC0-301F-11D3-BF4B-00C04F79EFBC}") = "App012", "App012\App012.csproj", "{6433AF80-DE9F-4961-8E7C-9E2F66133841}"
EndProject
Global
	GlobalSection(SolutionConfigurationPlatforms) = preSolution
		Debug|Any CPU = Debug|Any CPU
		Release|Any CPU = Release|Any CPU
	EndGlobalSection
	GlobalSection(ProjectConfigurationPlatforms) = postSolution
		{6433AF80-DE9F-4961-8E7C-9E2F66133841}.Debug|Any CPU.ActiveCfg = Debug|Any CPU
		{6433AF80-DE9F-4961-8E7C-9E2F66133841}.Debug|Any CPU.Build.0 = Debug|Any CPU
		{6433AF80-DE9F-4961-8E7C-9E2F66133841}.Release|Any CPU.ActiveCfg = Release|Any CPU
		{6433AF80-DE9F-4961-8E7C-9E2F66133841}.Release|Any CPU.Build.0 = Release|Any CPU
	EndGlobalSection
	GlobalSection(SolutionProperties) = preSolution
		HideSolutionNode = FALSE
	EndGlobalSection
	GlobalSection(ExtensibilityGlobals) = postSolution
		SolutionGuid = {A7F18AA7-C9B9-421A-BC7B-9A310856D5AB}
	EndGlobalSection
EndGlobal
