
Microsoft Visual Studio Solution File, Format Version 12.00
# Visual Studio Version 17
VisualStudioVersion = 17.6.33815.320
MinimumVisualStudioVersion = 10.0.40219.1
Project("{FAE04EC0-301F-11D3-BF4B-00C04F79EFBC}") = "App10", "App10\App10.csproj", "{4E4B9201-DF0A-4266-9160-B39CE6C5B819}"
EndProject
Global
	GlobalSection(SolutionConfigurationPlatforms) = preSolution
		Debug|Any CPU = Debug|Any CPU
		Release|Any CPU = Release|Any CPU
	EndGlobalSection
	GlobalSection(ProjectConfigurationPlatforms) = postSolution
		{4E4B9201-DF0A-4266-9160-B39CE6C5B819}.Debug|Any CPU.ActiveCfg = Debug|Any CPU
		{4E4B9201-DF0A-4266-9160-B39CE6C5B819}.Debug|Any CPU.Build.0 = Debug|Any CPU
		{4E4B9201-DF0A-4266-9160-B39CE6C5B819}.Release|Any CPU.ActiveCfg = Release|Any CPU
		{4E4B9201-DF0A-4266-9160-B39CE6C5B819}.Release|Any CPU.Build.0 = Release|Any CPU
	EndGlobalSection
	GlobalSection(SolutionProperties) = preSolution
		HideSolutionNode = FALSE
	EndGlobalSection
	GlobalSection(ExtensibilityGlobals) = postSolution
		SolutionGuid = {23622879-E188-4767-842D-D7B5F9719C50}
	EndGlobalSection
EndGlobal
