
Microsoft Visual Studio Solution File, Format Version 12.00
# Visual Studio Version 17
VisualStudioVersion = 17.6.33815.320
MinimumVisualStudioVersion = 10.0.40219.1
Project("{FAE04EC0-301F-11D3-BF4B-00C04F79EFBC}") = "Quiz_02", "Quiz_02\Quiz_02.csproj", "{09081F2A-7621-4399-9515-62C6C93D017C}"
EndProject
Global
	GlobalSection(SolutionConfigurationPlatforms) = preSolution
		Debug|Any CPU = Debug|Any CPU
		Release|Any CPU = Release|Any CPU
	EndGlobalSection
	GlobalSection(ProjectConfigurationPlatforms) = postSolution
		{09081F2A-7621-4399-9515-62C6C93D017C}.Debug|Any CPU.ActiveCfg = Debug|Any CPU
		{09081F2A-7621-4399-9515-62C6C93D017C}.Debug|Any CPU.Build.0 = Debug|Any CPU
		{09081F2A-7621-4399-9515-62C6C93D017C}.Release|Any CPU.ActiveCfg = Release|Any CPU
		{09081F2A-7621-4399-9515-62C6C93D017C}.Release|Any CPU.Build.0 = Release|Any CPU
	EndGlobalSection
	GlobalSection(SolutionProperties) = preSolution
		HideSolutionNode = FALSE
	EndGlobalSection
	GlobalSection(ExtensibilityGlobals) = postSolution
		SolutionGuid = {72764194-45AA-4372-9E3C-E412895A857C}
	EndGlobalSection
EndGlobal
