
Microsoft Visual Studio Solution File, Format Version 12.00
# Visual Studio Version 17
VisualStudioVersion = 17.6.33815.320
MinimumVisualStudioVersion = 10.0.40219.1
Project("{FAE04EC0-301F-11D3-BF4B-00C04F79EFBC}") = "App076", "App076\App076.csproj", "{793E8FD0-F4F7-4755-B9BF-11EBC466D1A7}"
EndProject
Global
	GlobalSection(SolutionConfigurationPlatforms) = preSolution
		Debug|Any CPU = Debug|Any CPU
		Release|Any CPU = Release|Any CPU
	EndGlobalSection
	GlobalSection(ProjectConfigurationPlatforms) = postSolution
		{793E8FD0-F4F7-4755-B9BF-11EBC466D1A7}.Debug|Any CPU.ActiveCfg = Debug|Any CPU
		{793E8FD0-F4F7-4755-B9BF-11EBC466D1A7}.Debug|Any CPU.Build.0 = Debug|Any CPU
		{793E8FD0-F4F7-4755-B9BF-11EBC466D1A7}.Release|Any CPU.ActiveCfg = Release|Any CPU
		{793E8FD0-F4F7-4755-B9BF-11EBC466D1A7}.Release|Any CPU.Build.0 = Release|Any CPU
	EndGlobalSection
	GlobalSection(SolutionProperties) = preSolution
		HideSolutionNode = FALSE
	EndGlobalSection
	GlobalSection(ExtensibilityGlobals) = postSolution
		SolutionGuid = {F52DEB38-7AD6-49D1-9F8A-9D576491679C}
	EndGlobalSection
EndGlobal
