
Microsoft Visual Studio Solution File, Format Version 12.00
# Visual Studio Version 17
VisualStudioVersion = 17.6.33815.320
MinimumVisualStudioVersion = 10.0.40219.1
Project("{FAE04EC0-301F-11D3-BF4B-00C04F79EFBC}") = "App134", "App134\App134.csproj", "{15AB3CE8-8719-46C1-8253-B9BF18542869}"
EndProject
Global
	GlobalSection(SolutionConfigurationPlatforms) = preSolution
		Debug|Any CPU = Debug|Any CPU
		Release|Any CPU = Release|Any CPU
	EndGlobalSection
	GlobalSection(ProjectConfigurationPlatforms) = postSolution
		{15AB3CE8-8719-46C1-8253-B9BF18542869}.Debug|Any CPU.ActiveCfg = Debug|Any CPU
		{15AB3CE8-8719-46C1-8253-B9BF18542869}.Debug|Any CPU.Build.0 = Debug|Any CPU
		{15AB3CE8-8719-46C1-8253-B9BF18542869}.Release|Any CPU.ActiveCfg = Release|Any CPU
		{15AB3CE8-8719-46C1-8253-B9BF18542869}.Release|Any CPU.Build.0 = Release|Any CPU
	EndGlobalSection
	GlobalSection(SolutionProperties) = preSolution
		HideSolutionNode = FALSE
	EndGlobalSection
	GlobalSection(ExtensibilityGlobals) = postSolution
		SolutionGuid = {223BF5C8-752D-4065-8A4C-9F4BF4D8AC10}
	EndGlobalSection
EndGlobal
