
Microsoft Visual Studio Solution File, Format Version 12.00
# Visual Studio Version 17
VisualStudioVersion = 17.6.33815.320
MinimumVisualStudioVersion = 10.0.40219.1
Project("{FAE04EC0-301F-11D3-BF4B-00C04F79EFBC}") = "App034", "App034\App034.csproj", "{E9E33C8A-AE2A-4590-BD40-EFF235E8DD64}"
EndProject
Global
	GlobalSection(SolutionConfigurationPlatforms) = preSolution
		Debug|Any CPU = Debug|Any CPU
		Release|Any CPU = Release|Any CPU
	EndGlobalSection
	GlobalSection(ProjectConfigurationPlatforms) = postSolution
		{E9E33C8A-AE2A-4590-BD40-EFF235E8DD64}.Debug|Any CPU.ActiveCfg = Debug|Any CPU
		{E9E33C8A-AE2A-4590-BD40-EFF235E8DD64}.Debug|Any CPU.Build.0 = Debug|Any CPU
		{E9E33C8A-AE2A-4590-BD40-EFF235E8DD64}.Release|Any CPU.ActiveCfg = Release|Any CPU
		{E9E33C8A-AE2A-4590-BD40-EFF235E8DD64}.Release|Any CPU.Build.0 = Release|Any CPU
	EndGlobalSection
	GlobalSection(SolutionProperties) = preSolution
		HideSolutionNode = FALSE
	EndGlobalSection
	GlobalSection(ExtensibilityGlobals) = postSolution
		SolutionGuid = {D370BC0D-FDC8-4A1D-9A9F-4AFE9282EE7E}
	EndGlobalSection
EndGlobal
