
Microsoft Visual Studio Solution File, Format Version 12.00
# Visual Studio Version 17
VisualStudioVersion = 17.6.33815.320
MinimumVisualStudioVersion = 10.0.40219.1
Project("{FAE04EC0-301F-11D3-BF4B-00C04F79EFBC}") = "App010", "App010\App010.csproj", "{B1CCEF7B-FE04-48AA-92FC-54F40F3A19A5}"
EndProject
Global
	GlobalSection(SolutionConfigurationPlatforms) = preSolution
		Debug|Any CPU = Debug|Any CPU
		Release|Any CPU = Release|Any CPU
	EndGlobalSection
	GlobalSection(ProjectConfigurationPlatforms) = postSolution
		{B1CCEF7B-FE04-48AA-92FC-54F40F3A19A5}.Debug|Any CPU.ActiveCfg = Debug|Any CPU
		{B1CCEF7B-FE04-48AA-92FC-54F40F3A19A5}.Debug|Any CPU.Build.0 = Debug|Any CPU
		{B1CCEF7B-FE04-48AA-92FC-54F40F3A19A5}.Release|Any CPU.ActiveCfg = Release|Any CPU
		{B1CCEF7B-FE04-48AA-92FC-54F40F3A19A5}.Release|Any CPU.Build.0 = Release|Any CPU
	EndGlobalSection
	GlobalSection(SolutionProperties) = preSolution
		HideSolutionNode = FALSE
	EndGlobalSection
	GlobalSection(ExtensibilityGlobals) = postSolution
		SolutionGuid = {F3C2709A-5C1C-477D-8457-5375AB2F8307}
	EndGlobalSection
EndGlobal
