
Microsoft Visual Studio Solution File, Format Version 12.00
# Visual Studio Version 17
VisualStudioVersion = 17.6.33815.320
MinimumVisualStudioVersion = 10.0.40219.1
Project("{FAE04EC0-301F-11D3-BF4B-00C04F79EFBC}") = "Quiz038", "Quiz038\Quiz038.csproj", "{BFBA05F8-2501-413B-9AD6-FA4B8BAD4B67}"
EndProject
Global
	GlobalSection(SolutionConfigurationPlatforms) = preSolution
		Debug|Any CPU = Debug|Any CPU
		Release|Any CPU = Release|Any CPU
	EndGlobalSection
	GlobalSection(ProjectConfigurationPlatforms) = postSolution
		{BFBA05F8-2501-413B-9AD6-FA4B8BAD4B67}.Debug|Any CPU.ActiveCfg = Debug|Any CPU
		{BFBA05F8-2501-413B-9AD6-FA4B8BAD4B67}.Debug|Any CPU.Build.0 = Debug|Any CPU
		{BFBA05F8-2501-413B-9AD6-FA4B8BAD4B67}.Release|Any CPU.ActiveCfg = Release|Any CPU
		{BFBA05F8-2501-413B-9AD6-FA4B8BAD4B67}.Release|Any CPU.Build.0 = Release|Any CPU
	EndGlobalSection
	GlobalSection(SolutionProperties) = preSolution
		HideSolutionNode = FALSE
	EndGlobalSection
	GlobalSection(ExtensibilityGlobals) = postSolution
		SolutionGuid = {4A74410E-DC11-40B8-A9DD-C1324B420416}
	EndGlobalSection
EndGlobal
