
Microsoft Visual Studio Solution File, Format Version 12.00
# Visual Studio Version 17
VisualStudioVersion = 17.6.33815.320
MinimumVisualStudioVersion = 10.0.40219.1
Project("{FAE04EC0-301F-11D3-BF4B-00C04F79EFBC}") = "App003", "App003\App003.csproj", "{09587665-2D55-4F66-A5EB-ACEEA48EE72A}"
EndProject
Global
	GlobalSection(SolutionConfigurationPlatforms) = preSolution
		Debug|Any CPU = Debug|Any CPU
		Release|Any CPU = Release|Any CPU
	EndGlobalSection
	GlobalSection(ProjectConfigurationPlatforms) = postSolution
		{09587665-2D55-4F66-A5EB-ACEEA48EE72A}.Debug|Any CPU.ActiveCfg = Debug|Any CPU
		{09587665-2D55-4F66-A5EB-ACEEA48EE72A}.Debug|Any CPU.Build.0 = Debug|Any CPU
		{09587665-2D55-4F66-A5EB-ACEEA48EE72A}.Release|Any CPU.ActiveCfg = Release|Any CPU
		{09587665-2D55-4F66-A5EB-ACEEA48EE72A}.Release|Any CPU.Build.0 = Release|Any CPU
	EndGlobalSection
	GlobalSection(SolutionProperties) = preSolution
		HideSolutionNode = FALSE
	EndGlobalSection
	GlobalSection(ExtensibilityGlobals) = postSolution
		SolutionGuid = {2EE3FD30-9CA9-4761-9608-2F700931820F}
	EndGlobalSection
EndGlobal
