
Microsoft Visual Studio Solution File, Format Version 12.00
# Visual Studio Version 17
VisualStudioVersion = 17.6.33815.320
MinimumVisualStudioVersion = 10.0.40219.1
Project("{FAE04EC0-301F-11D3-BF4B-00C04F79EFBC}") = "App137", "App137\App137.csproj", "{1086E618-32DC-48CC-8B8A-E1AED8D3AD40}"
EndProject
Global
	GlobalSection(SolutionConfigurationPlatforms) = preSolution
		Debug|Any CPU = Debug|Any CPU
		Release|Any CPU = Release|Any CPU
	EndGlobalSection
	GlobalSection(ProjectConfigurationPlatforms) = postSolution
		{1086E618-32DC-48CC-8B8A-E1AED8D3AD40}.Debug|Any CPU.ActiveCfg = Debug|Any CPU
		{1086E618-32DC-48CC-8B8A-E1AED8D3AD40}.Debug|Any CPU.Build.0 = Debug|Any CPU
		{1086E618-32DC-48CC-8B8A-E1AED8D3AD40}.Release|Any CPU.ActiveCfg = Release|Any CPU
		{1086E618-32DC-48CC-8B8A-E1AED8D3AD40}.Release|Any CPU.Build.0 = Release|Any CPU
	EndGlobalSection
	GlobalSection(SolutionProperties) = preSolution
		HideSolutionNode = FALSE
	EndGlobalSection
	GlobalSection(ExtensibilityGlobals) = postSolution
		SolutionGuid = {FC171922-3CAF-4DD0-8F54-0F31F9C13642}
	EndGlobalSection
EndGlobal
