
Microsoft Visual Studio Solution File, Format Version 12.00
# Visual Studio Version 17
VisualStudioVersion = 17.6.33815.320
MinimumVisualStudioVersion = 10.0.40219.1
Project("{FAE04EC0-301F-11D3-BF4B-00C04F79EFBC}") = "Quiz053", "Quiz053\Quiz053.csproj", "{FE3D40E7-3372-437E-B156-1ABC38029702}"
EndProject
Global
	GlobalSection(SolutionConfigurationPlatforms) = preSolution
		Debug|Any CPU = Debug|Any CPU
		Release|Any CPU = Release|Any CPU
	EndGlobalSection
	GlobalSection(ProjectConfigurationPlatforms) = postSolution
		{FE3D40E7-3372-437E-B156-1ABC38029702}.Debug|Any CPU.ActiveCfg = Debug|Any CPU
		{FE3D40E7-3372-437E-B156-1ABC38029702}.Debug|Any CPU.Build.0 = Debug|Any CPU
		{FE3D40E7-3372-437E-B156-1ABC38029702}.Release|Any CPU.ActiveCfg = Release|Any CPU
		{FE3D40E7-3372-437E-B156-1ABC38029702}.Release|Any CPU.Build.0 = Release|Any CPU
	EndGlobalSection
	GlobalSection(SolutionProperties) = preSolution
		HideSolutionNode = FALSE
	EndGlobalSection
	GlobalSection(ExtensibilityGlobals) = postSolution
		SolutionGuid = {042C3945-86AD-4F97-8C0F-35D855B94003}
	EndGlobalSection
EndGlobal
