
Microsoft Visual Studio Solution File, Format Version 12.00
# Visual Studio Version 17
VisualStudioVersion = 17.6.33815.320
MinimumVisualStudioVersion = 10.0.40219.1
Project("{FAE04EC0-301F-11D3-BF4B-00C04F79EFBC}") = "App042", "App042\App042.csproj", "{8968CF28-E8A4-43B9-838A-AC8D2720C6D7}"
EndProject
Global
	GlobalSection(SolutionConfigurationPlatforms) = preSolution
		Debug|Any CPU = Debug|Any CPU
		Release|Any CPU = Release|Any CPU
	EndGlobalSection
	GlobalSection(ProjectConfigurationPlatforms) = postSolution
		{8968CF28-E8A4-43B9-838A-AC8D2720C6D7}.Debug|Any CPU.ActiveCfg = Debug|Any CPU
		{8968CF28-E8A4-43B9-838A-AC8D2720C6D7}.Debug|Any CPU.Build.0 = Debug|Any CPU
		{8968CF28-E8A4-43B9-838A-AC8D2720C6D7}.Release|Any CPU.ActiveCfg = Release|Any CPU
		{8968CF28-E8A4-43B9-838A-AC8D2720C6D7}.Release|Any CPU.Build.0 = Release|Any CPU
	EndGlobalSection
	GlobalSection(SolutionProperties) = preSolution
		HideSolutionNode = FALSE
	EndGlobalSection
	GlobalSection(ExtensibilityGlobals) = postSolution
		SolutionGuid = {A1332EC8-A880-498A-A064-0F6DD6C8A8F0}
	EndGlobalSection
EndGlobal
