
Microsoft Visual Studio Solution File, Format Version 12.00
# Visual Studio Version 17
VisualStudioVersion = 17.7.34009.444
MinimumVisualStudioVersion = 10.0.40219.1
Project("{FAE04EC0-301F-11D3-BF4B-00C04F79EFBC}") = "WebappEmpty", "WebappEmpty\WebappEmpty.csproj", "{02684BB8-D2BE-4255-8BDE-9378AB45065B}"
EndProject
Global
	GlobalSection(SolutionConfigurationPlatforms) = preSolution
		Debug|Any CPU = Debug|Any CPU
		Release|Any CPU = Release|Any CPU
	EndGlobalSection
	GlobalSection(ProjectConfigurationPlatforms) = postSolution
		{02684BB8-D2BE-4255-8BDE-9378AB45065B}.Debug|Any CPU.ActiveCfg = Debug|Any CPU
		{02684BB8-D2BE-4255-8BDE-9378AB45065B}.Debug|Any CPU.Build.0 = Debug|Any CPU
		{02684BB8-D2BE-4255-8BDE-9378AB45065B}.Release|Any CPU.ActiveCfg = Release|Any CPU
		{02684BB8-D2BE-4255-8BDE-9378AB45065B}.Release|Any CPU.Build.0 = Release|Any CPU
	EndGlobalSection
	GlobalSection(SolutionProperties) = preSolution
		HideSolutionNode = FALSE
	EndGlobalSection
	GlobalSection(ExtensibilityGlobals) = postSolution
		SolutionGuid = {CFE8816C-5462-4F1E-BA3E-0DDA4B18ACA2}
	EndGlobalSection
EndGlobal
