
Microsoft Visual Studio Solution File, Format Version 12.00
# Visual Studio Version 17
VisualStudioVersion = 17.6.33815.320
MinimumVisualStudioVersion = 10.0.40219.1
Project("{FAE04EC0-301F-11D3-BF4B-00C04F79EFBC}") = "App006", "App006\App006.csproj", "{E59DB3FC-DA72-45F3-8289-0C2817D1BE31}"
EndProject
Global
	GlobalSection(SolutionConfigurationPlatforms) = preSolution
		Debug|Any CPU = Debug|Any CPU
		Release|Any CPU = Release|Any CPU
	EndGlobalSection
	GlobalSection(ProjectConfigurationPlatforms) = postSolution
		{E59DB3FC-DA72-45F3-8289-0C2817D1BE31}.Debug|Any CPU.ActiveCfg = Debug|Any CPU
		{E59DB3FC-DA72-45F3-8289-0C2817D1BE31}.Debug|Any CPU.Build.0 = Debug|Any CPU
		{E59DB3FC-DA72-45F3-8289-0C2817D1BE31}.Release|Any CPU.ActiveCfg = Release|Any CPU
		{E59DB3FC-DA72-45F3-8289-0C2817D1BE31}.Release|Any CPU.Build.0 = Release|Any CPU
	EndGlobalSection
	GlobalSection(SolutionProperties) = preSolution
		HideSolutionNode = FALSE
	EndGlobalSection
	GlobalSection(ExtensibilityGlobals) = postSolution
		SolutionGuid = {D11A88A4-C643-4A32-8053-42C1A895FDC7}
	EndGlobalSection
EndGlobal
