
Microsoft Visual Studio Solution File, Format Version 12.00
# Visual Studio Version 17
VisualStudioVersion = 17.6.33815.320
MinimumVisualStudioVersion = 10.0.40219.1
Project("{FAE04EC0-301F-11D3-BF4B-00C04F79EFBC}") = "WinForms(TCP_QUIZ1_server)", "WinForms(TCP_QUIZ1_server)\WinForms(TCP_QUIZ1_server).csproj", "{EE741471-9BD4-4EED-BCF5-A0728BA7134B}"
EndProject
Global
	GlobalSection(SolutionConfigurationPlatforms) = preSolution
		Debug|Any CPU = Debug|Any CPU
		Release|Any CPU = Release|Any CPU
	EndGlobalSection
	GlobalSection(ProjectConfigurationPlatforms) = postSolution
		{EE741471-9BD4-4EED-BCF5-A0728BA7134B}.Debug|Any CPU.ActiveCfg = Debug|Any CPU
		{EE741471-9BD4-4EED-BCF5-A0728BA7134B}.Debug|Any CPU.Build.0 = Debug|Any CPU
		{EE741471-9BD4-4EED-BCF5-A0728BA7134B}.Release|Any CPU.ActiveCfg = Release|Any CPU
		{EE741471-9BD4-4EED-BCF5-A0728BA7134B}.Release|Any CPU.Build.0 = Release|Any CPU
	EndGlobalSection
	GlobalSection(SolutionProperties) = preSolution
		HideSolutionNode = FALSE
	EndGlobalSection
	GlobalSection(ExtensibilityGlobals) = postSolution
		SolutionGuid = {7A1E8871-6937-4D26-878A-959B5E6EA0A7}
	EndGlobalSection
EndGlobal
