
Microsoft Visual Studio Solution File, Format Version 12.00
# Visual Studio Version 17
VisualStudioVersion = 17.7.34009.444
MinimumVisualStudioVersion = 10.0.40219.1
Project("{FAE04EC0-301F-11D3-BF4B-00C04F79EFBC}") = "WebappMVC01", "WebappMVC01\WebappMVC01.csproj", "{83D17DD9-EB7D-4462-9AEB-90A801F7E188}"
EndProject
Global
	GlobalSection(SolutionConfigurationPlatforms) = preSolution
		Debug|Any CPU = Debug|Any CPU
		Release|Any CPU = Release|Any CPU
	EndGlobalSection
	GlobalSection(ProjectConfigurationPlatforms) = postSolution
		{83D17DD9-EB7D-4462-9AEB-90A801F7E188}.Debug|Any CPU.ActiveCfg = Debug|Any CPU
		{83D17DD9-EB7D-4462-9AEB-90A801F7E188}.Debug|Any CPU.Build.0 = Debug|Any CPU
		{83D17DD9-EB7D-4462-9AEB-90A801F7E188}.Release|Any CPU.ActiveCfg = Release|Any CPU
		{83D17DD9-EB7D-4462-9AEB-90A801F7E188}.Release|Any CPU.Build.0 = Release|Any CPU
	EndGlobalSection
	GlobalSection(SolutionProperties) = preSolution
		HideSolutionNode = FALSE
	EndGlobalSection
	GlobalSection(ExtensibilityGlobals) = postSolution
		SolutionGuid = {D2D93437-CF4A-4692-A949-BFCFE09F9912}
	EndGlobalSection
EndGlobal
