
Microsoft Visual Studio Solution File, Format Version 12.00
# Visual Studio Version 17
VisualStudioVersion = 17.6.33815.320
MinimumVisualStudioVersion = 10.0.40219.1
Project("{FAE04EC0-301F-11D3-BF4B-00C04F79EFBC}") = "App118", "App118\App118.csproj", "{B77665D5-1C00-4982-947A-8B6DC7066D62}"
EndProject
Global
	GlobalSection(SolutionConfigurationPlatforms) = preSolution
		Debug|Any CPU = Debug|Any CPU
		Release|Any CPU = Release|Any CPU
	EndGlobalSection
	GlobalSection(ProjectConfigurationPlatforms) = postSolution
		{B77665D5-1C00-4982-947A-8B6DC7066D62}.Debug|Any CPU.ActiveCfg = Debug|Any CPU
		{B77665D5-1C00-4982-947A-8B6DC7066D62}.Debug|Any CPU.Build.0 = Debug|Any CPU
		{B77665D5-1C00-4982-947A-8B6DC7066D62}.Release|Any CPU.ActiveCfg = Release|Any CPU
		{B77665D5-1C00-4982-947A-8B6DC7066D62}.Release|Any CPU.Build.0 = Release|Any CPU
	EndGlobalSection
	GlobalSection(SolutionProperties) = preSolution
		HideSolutionNode = FALSE
	EndGlobalSection
	GlobalSection(ExtensibilityGlobals) = postSolution
		SolutionGuid = {44CE327B-B10A-47CA-AC02-7052837CC6B8}
	EndGlobalSection
EndGlobal
