
Microsoft Visual Studio Solution File, Format Version 12.00
# Visual Studio Version 17
VisualStudioVersion = 17.7.34018.315
MinimumVisualStudioVersion = 10.0.40219.1
Project("{FAE04EC0-301F-11D3-BF4B-00C04F79EFBC}") = "WebApp_MVC_CRUD2", "WebApp_MVC_CRUD2\WebApp_MVC_CRUD2.csproj", "{A6443CD1-8EF1-4111-B3C2-79A6A4791A9F}"
EndProject
Global
	GlobalSection(SolutionConfigurationPlatforms) = preSolution
		Debug|Any CPU = Debug|Any CPU
		Release|Any CPU = Release|Any CPU
	EndGlobalSection
	GlobalSection(ProjectConfigurationPlatforms) = postSolution
		{A6443CD1-8EF1-4111-B3C2-79A6A4791A9F}.Debug|Any CPU.ActiveCfg = Debug|Any CPU
		{A6443CD1-8EF1-4111-B3C2-79A6A4791A9F}.Debug|Any CPU.Build.0 = Debug|Any CPU
		{A6443CD1-8EF1-4111-B3C2-79A6A4791A9F}.Release|Any CPU.ActiveCfg = Release|Any CPU
		{A6443CD1-8EF1-4111-B3C2-79A6A4791A9F}.Release|Any CPU.Build.0 = Release|Any CPU
	EndGlobalSection
	GlobalSection(SolutionProperties) = preSolution
		HideSolutionNode = FALSE
	EndGlobalSection
	GlobalSection(ExtensibilityGlobals) = postSolution
		SolutionGuid = {D834EC52-C4F3-4F81-95F4-E47F68925718}
	EndGlobalSection
EndGlobal
