
Microsoft Visual Studio Solution File, Format Version 12.00
# Visual Studio Version 17
VisualStudioVersion = 17.6.33815.320
MinimumVisualStudioVersion = 10.0.40219.1
Project("{FAE04EC0-301F-11D3-BF4B-00C04F79EFBC}") = "Quiz006", "Quiz006\Quiz006.csproj", "{27975C7E-22FF-4FFA-9C7B-C4DF89760CBD}"
EndProject
Global
	GlobalSection(SolutionConfigurationPlatforms) = preSolution
		Debug|Any CPU = Debug|Any CPU
		Release|Any CPU = Release|Any CPU
	EndGlobalSection
	GlobalSection(ProjectConfigurationPlatforms) = postSolution
		{27975C7E-22FF-4FFA-9C7B-C4DF89760CBD}.Debug|Any CPU.ActiveCfg = Debug|Any CPU
		{27975C7E-22FF-4FFA-9C7B-C4DF89760CBD}.Debug|Any CPU.Build.0 = Debug|Any CPU
		{27975C7E-22FF-4FFA-9C7B-C4DF89760CBD}.Release|Any CPU.ActiveCfg = Release|Any CPU
		{27975C7E-22FF-4FFA-9C7B-C4DF89760CBD}.Release|Any CPU.Build.0 = Release|Any CPU
	EndGlobalSection
	GlobalSection(SolutionProperties) = preSolution
		HideSolutionNode = FALSE
	EndGlobalSection
	GlobalSection(ExtensibilityGlobals) = postSolution
		SolutionGuid = {C485E7EE-A426-4A9B-B7C9-6E6FFD1C0121}
	EndGlobalSection
EndGlobal
