
Microsoft Visual Studio Solution File, Format Version 12.00
# Visual Studio Version 17
VisualStudioVersion = 17.6.33815.320
MinimumVisualStudioVersion = 10.0.40219.1
Project("{FAE04EC0-301F-11D3-BF4B-00C04F79EFBC}") = "Quiz007", "Quiz007\Quiz007.csproj", "{B310A7FA-A3FA-4499-8619-B4E690A99A3E}"
EndProject
Global
	GlobalSection(SolutionConfigurationPlatforms) = preSolution
		Debug|Any CPU = Debug|Any CPU
		Release|Any CPU = Release|Any CPU
	EndGlobalSection
	GlobalSection(ProjectConfigurationPlatforms) = postSolution
		{B310A7FA-A3FA-4499-8619-B4E690A99A3E}.Debug|Any CPU.ActiveCfg = Debug|Any CPU
		{B310A7FA-A3FA-4499-8619-B4E690A99A3E}.Debug|Any CPU.Build.0 = Debug|Any CPU
		{B310A7FA-A3FA-4499-8619-B4E690A99A3E}.Release|Any CPU.ActiveCfg = Release|Any CPU
		{B310A7FA-A3FA-4499-8619-B4E690A99A3E}.Release|Any CPU.Build.0 = Release|Any CPU
	EndGlobalSection
	GlobalSection(SolutionProperties) = preSolution
		HideSolutionNode = FALSE
	EndGlobalSection
	GlobalSection(ExtensibilityGlobals) = postSolution
		SolutionGuid = {7983BF16-635E-4CB2-BE55-35D8B6D60AB5}
	EndGlobalSection
EndGlobal
