
Microsoft Visual Studio Solution File, Format Version 12.00
# Visual Studio Version 17
VisualStudioVersion = 17.6.33815.320
MinimumVisualStudioVersion = 10.0.40219.1
Project("{FAE04EC0-301F-11D3-BF4B-00C04F79EFBC}") = "Quiz024", "Quiz024\Quiz024.csproj", "{771B0F6A-04D0-48EB-A4B9-C4028D60DEB9}"
EndProject
Global
	GlobalSection(SolutionConfigurationPlatforms) = preSolution
		Debug|Any CPU = Debug|Any CPU
		Release|Any CPU = Release|Any CPU
	EndGlobalSection
	GlobalSection(ProjectConfigurationPlatforms) = postSolution
		{771B0F6A-04D0-48EB-A4B9-C4028D60DEB9}.Debug|Any CPU.ActiveCfg = Debug|Any CPU
		{771B0F6A-04D0-48EB-A4B9-C4028D60DEB9}.Debug|Any CPU.Build.0 = Debug|Any CPU
		{771B0F6A-04D0-48EB-A4B9-C4028D60DEB9}.Release|Any CPU.ActiveCfg = Release|Any CPU
		{771B0F6A-04D0-48EB-A4B9-C4028D60DEB9}.Release|Any CPU.Build.0 = Release|Any CPU
	EndGlobalSection
	GlobalSection(SolutionProperties) = preSolution
		HideSolutionNode = FALSE
	EndGlobalSection
	GlobalSection(ExtensibilityGlobals) = postSolution
		SolutionGuid = {BA018E0A-0C02-491E-A0F3-E06C1B0332B3}
	EndGlobalSection
EndGlobal
