
Microsoft Visual Studio Solution File, Format Version 12.00
# Visual Studio Version 17
VisualStudioVersion = 17.6.33815.320
MinimumVisualStudioVersion = 10.0.40219.1
Project("{FAE04EC0-301F-11D3-BF4B-00C04F79EFBC}") = "App061", "App061\App061.csproj", "{7DB99273-236A-4FE4-B36F-6948263FB76C}"
EndProject
Global
	GlobalSection(SolutionConfigurationPlatforms) = preSolution
		Debug|Any CPU = Debug|Any CPU
		Release|Any CPU = Release|Any CPU
	EndGlobalSection
	GlobalSection(ProjectConfigurationPlatforms) = postSolution
		{7DB99273-236A-4FE4-B36F-6948263FB76C}.Debug|Any CPU.ActiveCfg = Debug|Any CPU
		{7DB99273-236A-4FE4-B36F-6948263FB76C}.Debug|Any CPU.Build.0 = Debug|Any CPU
		{7DB99273-236A-4FE4-B36F-6948263FB76C}.Release|Any CPU.ActiveCfg = Release|Any CPU
		{7DB99273-236A-4FE4-B36F-6948263FB76C}.Release|Any CPU.Build.0 = Release|Any CPU
	EndGlobalSection
	GlobalSection(SolutionProperties) = preSolution
		HideSolutionNode = FALSE
	EndGlobalSection
	GlobalSection(ExtensibilityGlobals) = postSolution
		SolutionGuid = {8DA41467-0D40-4473-9E8E-408A2B8DD23F}
	EndGlobalSection
EndGlobal
