
Microsoft Visual Studio Solution File, Format Version 12.00
# Visual Studio Version 17
VisualStudioVersion = 17.7.34018.315
MinimumVisualStudioVersion = 10.0.40219.1
Project("{FAE04EC0-301F-11D3-BF4B-00C04F79EFBC}") = "WebAppMVC_Report2", "WebAppMVC_Report2\WebAppMVC_Report2.csproj", "{F01068B5-C2C4-4E23-AE9D-A9E8ABB7DBBF}"
EndProject
Global
	GlobalSection(SolutionConfigurationPlatforms) = preSolution
		Debug|Any CPU = Debug|Any CPU
		Release|Any CPU = Release|Any CPU
	EndGlobalSection
	GlobalSection(ProjectConfigurationPlatforms) = postSolution
		{F01068B5-C2C4-4E23-AE9D-A9E8ABB7DBBF}.Debug|Any CPU.ActiveCfg = Debug|Any CPU
		{F01068B5-C2C4-4E23-AE9D-A9E8ABB7DBBF}.Debug|Any CPU.Build.0 = Debug|Any CPU
		{F01068B5-C2C4-4E23-AE9D-A9E8ABB7DBBF}.Release|Any CPU.ActiveCfg = Release|Any CPU
		{F01068B5-C2C4-4E23-AE9D-A9E8ABB7DBBF}.Release|Any CPU.Build.0 = Release|Any CPU
	EndGlobalSection
	GlobalSection(SolutionProperties) = preSolution
		HideSolutionNode = FALSE
	EndGlobalSection
	GlobalSection(ExtensibilityGlobals) = postSolution
		SolutionGuid = {8E5FFF98-8EC6-4A24-87B2-98E8266AD475}
	EndGlobalSection
EndGlobal
