
Microsoft Visual Studio Solution File, Format Version 12.00
# Visual Studio Version 17
VisualStudioVersion = 17.6.33815.320
MinimumVisualStudioVersion = 10.0.40219.1
Project("{FAE04EC0-301F-11D3-BF4B-00C04F79EFBC}") = "WinForms(TCP_QUIZ1_client)", "WinForms(TCP_QUIZ1_client)\WinForms(TCP_QUIZ1_client).csproj", "{69BB1590-84DA-45EE-AAF5-555C6ED4AAF1}"
EndProject
Global
	GlobalSection(SolutionConfigurationPlatforms) = preSolution
		Debug|Any CPU = Debug|Any CPU
		Release|Any CPU = Release|Any CPU
	EndGlobalSection
	GlobalSection(ProjectConfigurationPlatforms) = postSolution
		{69BB1590-84DA-45EE-AAF5-555C6ED4AAF1}.Debug|Any CPU.ActiveCfg = Debug|Any CPU
		{69BB1590-84DA-45EE-AAF5-555C6ED4AAF1}.Debug|Any CPU.Build.0 = Debug|Any CPU
		{69BB1590-84DA-45EE-AAF5-555C6ED4AAF1}.Release|Any CPU.ActiveCfg = Release|Any CPU
		{69BB1590-84DA-45EE-AAF5-555C6ED4AAF1}.Release|Any CPU.Build.0 = Release|Any CPU
	EndGlobalSection
	GlobalSection(SolutionProperties) = preSolution
		HideSolutionNode = FALSE
	EndGlobalSection
	GlobalSection(ExtensibilityGlobals) = postSolution
		SolutionGuid = {1620358F-D19E-4D20-8247-E55F1F554767}
	EndGlobalSection
EndGlobal
