
Microsoft Visual Studio Solution File, Format Version 12.00
# Visual Studio Version 17
VisualStudioVersion = 17.7.34018.315
MinimumVisualStudioVersion = 10.0.40219.1
Project("{FAE04EC0-301F-11D3-BF4B-00C04F79EFBC}") = "WebApp_CodeFisrtTest", "WebApp_CodeFisrtTest\WebApp_CodeFisrtTest.csproj", "{A7C2C582-65DC-4F5E-A9E2-F5CC31964FC9}"
EndProject
Global
	GlobalSection(SolutionConfigurationPlatforms) = preSolution
		Debug|Any CPU = Debug|Any CPU
		Release|Any CPU = Release|Any CPU
	EndGlobalSection
	GlobalSection(ProjectConfigurationPlatforms) = postSolution
		{A7C2C582-65DC-4F5E-A9E2-F5CC31964FC9}.Debug|Any CPU.ActiveCfg = Debug|Any CPU
		{A7C2C582-65DC-4F5E-A9E2-F5CC31964FC9}.Debug|Any CPU.Build.0 = Debug|Any CPU
		{A7C2C582-65DC-4F5E-A9E2-F5CC31964FC9}.Release|Any CPU.ActiveCfg = Release|Any CPU
		{A7C2C582-65DC-4F5E-A9E2-F5CC31964FC9}.Release|Any CPU.Build.0 = Release|Any CPU
	EndGlobalSection
	GlobalSection(SolutionProperties) = preSolution
		HideSolutionNode = FALSE
	EndGlobalSection
	GlobalSection(ExtensibilityGlobals) = postSolution
		SolutionGuid = {D8364220-FC07-4591-9B92-7E98162DEF30}
	EndGlobalSection
EndGlobal
