
Microsoft Visual Studio Solution File, Format Version 12.00
# Visual Studio Version 17
VisualStudioVersion = 17.6.33815.320
MinimumVisualStudioVersion = 10.0.40219.1
Project("{FAE04EC0-301F-11D3-BF4B-00C04F79EFBC}") = "App011", "App011\App011.csproj", "{51FBCD2B-D218-4E39-B987-B77572EA0F8B}"
EndProject
Global
	GlobalSection(SolutionConfigurationPlatforms) = preSolution
		Debug|Any CPU = Debug|Any CPU
		Release|Any CPU = Release|Any CPU
	EndGlobalSection
	GlobalSection(ProjectConfigurationPlatforms) = postSolution
		{51FBCD2B-D218-4E39-B987-B77572EA0F8B}.Debug|Any CPU.ActiveCfg = Debug|Any CPU
		{51FBCD2B-D218-4E39-B987-B77572EA0F8B}.Debug|Any CPU.Build.0 = Debug|Any CPU
		{51FBCD2B-D218-4E39-B987-B77572EA0F8B}.Release|Any CPU.ActiveCfg = Release|Any CPU
		{51FBCD2B-D218-4E39-B987-B77572EA0F8B}.Release|Any CPU.Build.0 = Release|Any CPU
	EndGlobalSection
	GlobalSection(SolutionProperties) = preSolution
		HideSolutionNode = FALSE
	EndGlobalSection
	GlobalSection(ExtensibilityGlobals) = postSolution
		SolutionGuid = {841B85E1-7C1F-4BB1-B76F-4374B0A93366}
	EndGlobalSection
EndGlobal
