
Microsoft Visual Studio Solution File, Format Version 12.00
# Visual Studio Version 17
VisualStudioVersion = 17.6.33815.320
MinimumVisualStudioVersion = 10.0.40219.1
Project("{FAE04EC0-301F-11D3-BF4B-00C04F79EFBC}") = "App015", "App015\App015.csproj", "{F3880E59-955A-420E-92CD-DAF6A244D405}"
EndProject
Global
	GlobalSection(SolutionConfigurationPlatforms) = preSolution
		Debug|Any CPU = Debug|Any CPU
		Release|Any CPU = Release|Any CPU
	EndGlobalSection
	GlobalSection(ProjectConfigurationPlatforms) = postSolution
		{F3880E59-955A-420E-92CD-DAF6A244D405}.Debug|Any CPU.ActiveCfg = Debug|Any CPU
		{F3880E59-955A-420E-92CD-DAF6A244D405}.Debug|Any CPU.Build.0 = Debug|Any CPU
		{F3880E59-955A-420E-92CD-DAF6A244D405}.Release|Any CPU.ActiveCfg = Release|Any CPU
		{F3880E59-955A-420E-92CD-DAF6A244D405}.Release|Any CPU.Build.0 = Release|Any CPU
	EndGlobalSection
	GlobalSection(SolutionProperties) = preSolution
		HideSolutionNode = FALSE
	EndGlobalSection
	GlobalSection(ExtensibilityGlobals) = postSolution
		SolutionGuid = {5A455FAA-4A85-4B88-BAFE-68FB00A16BD3}
	EndGlobalSection
EndGlobal
