
Microsoft Visual Studio Solution File, Format Version 12.00
# Visual Studio Version 17
VisualStudioVersion = 17.6.33815.320
MinimumVisualStudioVersion = 10.0.40219.1
Project("{FAE04EC0-301F-11D3-BF4B-00C04F79EFBC}") = "App063", "App063\App063.csproj", "{96F2660A-2E03-483E-A7F2-08D1E67EB61F}"
EndProject
Global
	GlobalSection(SolutionConfigurationPlatforms) = preSolution
		Debug|Any CPU = Debug|Any CPU
		Release|Any CPU = Release|Any CPU
	EndGlobalSection
	GlobalSection(ProjectConfigurationPlatforms) = postSolution
		{96F2660A-2E03-483E-A7F2-08D1E67EB61F}.Debug|Any CPU.ActiveCfg = Debug|Any CPU
		{96F2660A-2E03-483E-A7F2-08D1E67EB61F}.Debug|Any CPU.Build.0 = Debug|Any CPU
		{96F2660A-2E03-483E-A7F2-08D1E67EB61F}.Release|Any CPU.ActiveCfg = Release|Any CPU
		{96F2660A-2E03-483E-A7F2-08D1E67EB61F}.Release|Any CPU.Build.0 = Release|Any CPU
	EndGlobalSection
	GlobalSection(SolutionProperties) = preSolution
		HideSolutionNode = FALSE
	EndGlobalSection
	GlobalSection(ExtensibilityGlobals) = postSolution
		SolutionGuid = {29C1A87E-BCF2-45FA-9F87-901CE176B108}
	EndGlobalSection
EndGlobal
