
Microsoft Visual Studio Solution File, Format Version 12.00
# Visual Studio Version 17
VisualStudioVersion = 17.6.33815.320
MinimumVisualStudioVersion = 10.0.40219.1
Project("{FAE04EC0-301F-11D3-BF4B-00C04F79EFBC}") = "Quiz043", "Quiz043\Quiz043.csproj", "{6DDCE727-BF43-4DBC-A6D1-2AC25CADB3EC}"
EndProject
Global
	GlobalSection(SolutionConfigurationPlatforms) = preSolution
		Debug|Any CPU = Debug|Any CPU
		Release|Any CPU = Release|Any CPU
	EndGlobalSection
	GlobalSection(ProjectConfigurationPlatforms) = postSolution
		{6DDCE727-BF43-4DBC-A6D1-2AC25CADB3EC}.Debug|Any CPU.ActiveCfg = Debug|Any CPU
		{6DDCE727-BF43-4DBC-A6D1-2AC25CADB3EC}.Debug|Any CPU.Build.0 = Debug|Any CPU
		{6DDCE727-BF43-4DBC-A6D1-2AC25CADB3EC}.Release|Any CPU.ActiveCfg = Release|Any CPU
		{6DDCE727-BF43-4DBC-A6D1-2AC25CADB3EC}.Release|Any CPU.Build.0 = Release|Any CPU
	EndGlobalSection
	GlobalSection(SolutionProperties) = preSolution
		HideSolutionNode = FALSE
	EndGlobalSection
	GlobalSection(ExtensibilityGlobals) = postSolution
		SolutionGuid = {6F60AE49-B76E-40D8-9859-81ECBB2E66F8}
	EndGlobalSection
EndGlobal
