
Microsoft Visual Studio Solution File, Format Version 12.00
# Visual Studio Version 17
VisualStudioVersion = 17.7.34009.444
MinimumVisualStudioVersion = 10.0.40219.1
Project("{FAE04EC0-301F-11D3-BF4B-00C04F79EFBC}") = "WebappMiddleware", "WebappMiddleware\WebappMiddleware.csproj", "{2AC5E65D-921A-4AF7-B8BE-181638828E37}"
EndProject
Global
	GlobalSection(SolutionConfigurationPlatforms) = preSolution
		Debug|Any CPU = Debug|Any CPU
		Release|Any CPU = Release|Any CPU
	EndGlobalSection
	GlobalSection(ProjectConfigurationPlatforms) = postSolution
		{2AC5E65D-921A-4AF7-B8BE-181638828E37}.Debug|Any CPU.ActiveCfg = Debug|Any CPU
		{2AC5E65D-921A-4AF7-B8BE-181638828E37}.Debug|Any CPU.Build.0 = Debug|Any CPU
		{2AC5E65D-921A-4AF7-B8BE-181638828E37}.Release|Any CPU.ActiveCfg = Release|Any CPU
		{2AC5E65D-921A-4AF7-B8BE-181638828E37}.Release|Any CPU.Build.0 = Release|Any CPU
	EndGlobalSection
	GlobalSection(SolutionProperties) = preSolution
		HideSolutionNode = FALSE
	EndGlobalSection
	GlobalSection(ExtensibilityGlobals) = postSolution
		SolutionGuid = {8BF9FB47-3B51-404C-8A9C-1868EE8D65C1}
	EndGlobalSection
EndGlobal
