
Microsoft Visual Studio Solution File, Format Version 12.00
# Visual Studio Version 17
VisualStudioVersion = 17.6.33815.320
MinimumVisualStudioVersion = 10.0.40219.1
Project("{FAE04EC0-301F-11D3-BF4B-00C04F79EFBC}") = "App038", "App038\App038.csproj", "{C2E9D97A-E1A2-4958-A641-947D7062A747}"
EndProject
Global
	GlobalSection(SolutionConfigurationPlatforms) = preSolution
		Debug|Any CPU = Debug|Any CPU
		Release|Any CPU = Release|Any CPU
	EndGlobalSection
	GlobalSection(ProjectConfigurationPlatforms) = postSolution
		{C2E9D97A-E1A2-4958-A641-947D7062A747}.Debug|Any CPU.ActiveCfg = Debug|Any CPU
		{C2E9D97A-E1A2-4958-A641-947D7062A747}.Debug|Any CPU.Build.0 = Debug|Any CPU
		{C2E9D97A-E1A2-4958-A641-947D7062A747}.Release|Any CPU.ActiveCfg = Release|Any CPU
		{C2E9D97A-E1A2-4958-A641-947D7062A747}.Release|Any CPU.Build.0 = Release|Any CPU
	EndGlobalSection
	GlobalSection(SolutionProperties) = preSolution
		HideSolutionNode = FALSE
	EndGlobalSection
	GlobalSection(ExtensibilityGlobals) = postSolution
		SolutionGuid = {CF203350-0727-4072-98AF-C63C19602C7E}
	EndGlobalSection
EndGlobal
