
Microsoft Visual Studio Solution File, Format Version 12.00
# Visual Studio Version 17
VisualStudioVersion = 17.7.34009.444
MinimumVisualStudioVersion = 10.0.40219.1
Project("{FAE04EC0-301F-11D3-BF4B-00C04F79EFBC}") = "LINQAPP_02", "LINQAPP_02\LINQAPP_02.csproj", "{7FD962D9-5EAA-471E-8329-1F19EA96DE05}"
EndProject
Global
	GlobalSection(SolutionConfigurationPlatforms) = preSolution
		Debug|Any CPU = Debug|Any CPU
		Release|Any CPU = Release|Any CPU
	EndGlobalSection
	GlobalSection(ProjectConfigurationPlatforms) = postSolution
		{7FD962D9-5EAA-471E-8329-1F19EA96DE05}.Debug|Any CPU.ActiveCfg = Debug|Any CPU
		{7FD962D9-5EAA-471E-8329-1F19EA96DE05}.Debug|Any CPU.Build.0 = Debug|Any CPU
		{7FD962D9-5EAA-471E-8329-1F19EA96DE05}.Release|Any CPU.ActiveCfg = Release|Any CPU
		{7FD962D9-5EAA-471E-8329-1F19EA96DE05}.Release|Any CPU.Build.0 = Release|Any CPU
	EndGlobalSection
	GlobalSection(SolutionProperties) = preSolution
		HideSolutionNode = FALSE
	EndGlobalSection
	GlobalSection(ExtensibilityGlobals) = postSolution
		SolutionGuid = {0799A782-9624-41CF-B423-D5463C6503EA}
	EndGlobalSection
EndGlobal
