
Microsoft Visual Studio Solution File, Format Version 12.00
# Visual Studio Version 17
VisualStudioVersion = 17.6.33815.320
MinimumVisualStudioVersion = 10.0.40219.1
Project("{FAE04EC0-301F-11D3-BF4B-00C04F79EFBC}") = "WinFormsApp006", "WinFormsApp006\WinFormsApp006.csproj", "{280644C5-6320-4135-939A-B93C2773860A}"
EndProject
Global
	GlobalSection(SolutionConfigurationPlatforms) = preSolution
		Debug|Any CPU = Debug|Any CPU
		Release|Any CPU = Release|Any CPU
	EndGlobalSection
	GlobalSection(ProjectConfigurationPlatforms) = postSolution
		{280644C5-6320-4135-939A-B93C2773860A}.Debug|Any CPU.ActiveCfg = Debug|Any CPU
		{280644C5-6320-4135-939A-B93C2773860A}.Debug|Any CPU.Build.0 = Debug|Any CPU
		{280644C5-6320-4135-939A-B93C2773860A}.Release|Any CPU.ActiveCfg = Release|Any CPU
		{280644C5-6320-4135-939A-B93C2773860A}.Release|Any CPU.Build.0 = Release|Any CPU
	EndGlobalSection
	GlobalSection(SolutionProperties) = preSolution
		HideSolutionNode = FALSE
	EndGlobalSection
	GlobalSection(ExtensibilityGlobals) = postSolution
		SolutionGuid = {1A01CCF5-DD78-4382-8C07-D34AA8618833}
	EndGlobalSection
EndGlobal
