
Microsoft Visual Studio Solution File, Format Version 12.00
# Visual Studio Version 17
VisualStudioVersion = 17.7.34009.444
MinimumVisualStudioVersion = 10.0.40219.1
Project("{FAE04EC0-301F-11D3-BF4B-00C04F79EFBC}") = "WebAppQuiz3", "WebAppQuiz3\WebAppQuiz3.csproj", "{DEBF7C83-D7B8-4CC8-B1D5-78C85CB8F949}"
EndProject
Global
	GlobalSection(SolutionConfigurationPlatforms) = preSolution
		Debug|Any CPU = Debug|Any CPU
		Release|Any CPU = Release|Any CPU
	EndGlobalSection
	GlobalSection(ProjectConfigurationPlatforms) = postSolution
		{DEBF7C83-D7B8-4CC8-B1D5-78C85CB8F949}.Debug|Any CPU.ActiveCfg = Debug|Any CPU
		{DEBF7C83-D7B8-4CC8-B1D5-78C85CB8F949}.Debug|Any CPU.Build.0 = Debug|Any CPU
		{DEBF7C83-D7B8-4CC8-B1D5-78C85CB8F949}.Release|Any CPU.ActiveCfg = Release|Any CPU
		{DEBF7C83-D7B8-4CC8-B1D5-78C85CB8F949}.Release|Any CPU.Build.0 = Release|Any CPU
	EndGlobalSection
	GlobalSection(SolutionProperties) = preSolution
		HideSolutionNode = FALSE
	EndGlobalSection
	GlobalSection(ExtensibilityGlobals) = postSolution
		SolutionGuid = {803A6238-9ECA-433B-AC8C-064BB1316A45}
	EndGlobalSection
EndGlobal
