
Microsoft Visual Studio Solution File, Format Version 12.00
# Visual Studio Version 17
VisualStudioVersion = 17.6.33815.320
MinimumVisualStudioVersion = 10.0.40219.1
Project("{FAE04EC0-301F-11D3-BF4B-00C04F79EFBC}") = "App143", "App143\App143.csproj", "{62B92862-4474-4BAE-9C09-562B8DA4CEFC}"
EndProject
Global
	GlobalSection(SolutionConfigurationPlatforms) = preSolution
		Debug|Any CPU = Debug|Any CPU
		Release|Any CPU = Release|Any CPU
	EndGlobalSection
	GlobalSection(ProjectConfigurationPlatforms) = postSolution
		{62B92862-4474-4BAE-9C09-562B8DA4CEFC}.Debug|Any CPU.ActiveCfg = Debug|Any CPU
		{62B92862-4474-4BAE-9C09-562B8DA4CEFC}.Debug|Any CPU.Build.0 = Debug|Any CPU
		{62B92862-4474-4BAE-9C09-562B8DA4CEFC}.Release|Any CPU.ActiveCfg = Release|Any CPU
		{62B92862-4474-4BAE-9C09-562B8DA4CEFC}.Release|Any CPU.Build.0 = Release|Any CPU
	EndGlobalSection
	GlobalSection(SolutionProperties) = preSolution
		HideSolutionNode = FALSE
	EndGlobalSection
	GlobalSection(ExtensibilityGlobals) = postSolution
		SolutionGuid = {15885756-7BCE-4338-92A8-E061F62BE3CE}
	EndGlobalSection
EndGlobal
