
Microsoft Visual Studio Solution File, Format Version 12.00
# Visual Studio Version 17
VisualStudioVersion = 17.7.34009.444
MinimumVisualStudioVersion = 10.0.40219.1
Project("{FAE04EC0-301F-11D3-BF4B-00C04F79EFBC}") = "LINQAPP_create2", "LINQAPP_create2\LINQAPP_create2.csproj", "{448867B2-FBBF-4633-BECC-65C231B1BC00}"
EndProject
Global
	GlobalSection(SolutionConfigurationPlatforms) = preSolution
		Debug|Any CPU = Debug|Any CPU
		Release|Any CPU = Release|Any CPU
	EndGlobalSection
	GlobalSection(ProjectConfigurationPlatforms) = postSolution
		{448867B2-FBBF-4633-BECC-65C231B1BC00}.Debug|Any CPU.ActiveCfg = Debug|Any CPU
		{448867B2-FBBF-4633-BECC-65C231B1BC00}.Debug|Any CPU.Build.0 = Debug|Any CPU
		{448867B2-FBBF-4633-BECC-65C231B1BC00}.Release|Any CPU.ActiveCfg = Release|Any CPU
		{448867B2-FBBF-4633-BECC-65C231B1BC00}.Release|Any CPU.Build.0 = Release|Any CPU
	EndGlobalSection
	GlobalSection(SolutionProperties) = preSolution
		HideSolutionNode = FALSE
	EndGlobalSection
	GlobalSection(ExtensibilityGlobals) = postSolution
		SolutionGuid = {5E99FE79-31D4-4F3B-B8EC-4FC1F51B1487}
	EndGlobalSection
EndGlobal
