
Microsoft Visual Studio Solution File, Format Version 12.00
# Visual Studio Version 17
VisualStudioVersion = 17.6.33815.320
MinimumVisualStudioVersion = 10.0.40219.1
Project("{FAE04EC0-301F-11D3-BF4B-00C04F79EFBC}") = "App119", "App119\App119.csproj", "{239C8004-15DE-416D-9819-807E9FAE11D7}"
EndProject
Global
	GlobalSection(SolutionConfigurationPlatforms) = preSolution
		Debug|Any CPU = Debug|Any CPU
		Release|Any CPU = Release|Any CPU
	EndGlobalSection
	GlobalSection(ProjectConfigurationPlatforms) = postSolution
		{239C8004-15DE-416D-9819-807E9FAE11D7}.Debug|Any CPU.ActiveCfg = Debug|Any CPU
		{239C8004-15DE-416D-9819-807E9FAE11D7}.Debug|Any CPU.Build.0 = Debug|Any CPU
		{239C8004-15DE-416D-9819-807E9FAE11D7}.Release|Any CPU.ActiveCfg = Release|Any CPU
		{239C8004-15DE-416D-9819-807E9FAE11D7}.Release|Any CPU.Build.0 = Release|Any CPU
	EndGlobalSection
	GlobalSection(SolutionProperties) = preSolution
		HideSolutionNode = FALSE
	EndGlobalSection
	GlobalSection(ExtensibilityGlobals) = postSolution
		SolutionGuid = {DB5A7285-6118-4CC8-AC66-54C7DF0DCD7A}
	EndGlobalSection
EndGlobal
