
Microsoft Visual Studio Solution File, Format Version 12.00
# Visual Studio Version 17
VisualStudioVersion = 17.6.33815.320
MinimumVisualStudioVersion = 10.0.40219.1
Project("{FAE04EC0-301F-11D3-BF4B-00C04F79EFBC}") = "App086", "App086\App086.csproj", "{C7FB0F54-FDC3-4439-A8DA-02182355628D}"
EndProject
Global
	GlobalSection(SolutionConfigurationPlatforms) = preSolution
		Debug|Any CPU = Debug|Any CPU
		Release|Any CPU = Release|Any CPU
	EndGlobalSection
	GlobalSection(ProjectConfigurationPlatforms) = postSolution
		{C7FB0F54-FDC3-4439-A8DA-02182355628D}.Debug|Any CPU.ActiveCfg = Debug|Any CPU
		{C7FB0F54-FDC3-4439-A8DA-02182355628D}.Debug|Any CPU.Build.0 = Debug|Any CPU
		{C7FB0F54-FDC3-4439-A8DA-02182355628D}.Release|Any CPU.ActiveCfg = Release|Any CPU
		{C7FB0F54-FDC3-4439-A8DA-02182355628D}.Release|Any CPU.Build.0 = Release|Any CPU
	EndGlobalSection
	GlobalSection(SolutionProperties) = preSolution
		HideSolutionNode = FALSE
	EndGlobalSection
	GlobalSection(ExtensibilityGlobals) = postSolution
		SolutionGuid = {323B581E-6BF2-48D1-AE89-B438753422A9}
	EndGlobalSection
EndGlobal
