
Microsoft Visual Studio Solution File, Format Version 12.00
# Visual Studio Version 17
VisualStudioVersion = 17.6.33815.320
MinimumVisualStudioVersion = 10.0.40219.1
Project("{FAE04EC0-301F-11D3-BF4B-00C04F79EFBC}") = "Quiz037", "Quiz037\Quiz037.csproj", "{CEBED56D-53C0-42DE-AB7A-A8CA4AA48260}"
EndProject
Global
	GlobalSection(SolutionConfigurationPlatforms) = preSolution
		Debug|Any CPU = Debug|Any CPU
		Release|Any CPU = Release|Any CPU
	EndGlobalSection
	GlobalSection(ProjectConfigurationPlatforms) = postSolution
		{CEBED56D-53C0-42DE-AB7A-A8CA4AA48260}.Debug|Any CPU.ActiveCfg = Debug|Any CPU
		{CEBED56D-53C0-42DE-AB7A-A8CA4AA48260}.Debug|Any CPU.Build.0 = Debug|Any CPU
		{CEBED56D-53C0-42DE-AB7A-A8CA4AA48260}.Release|Any CPU.ActiveCfg = Release|Any CPU
		{CEBED56D-53C0-42DE-AB7A-A8CA4AA48260}.Release|Any CPU.Build.0 = Release|Any CPU
	EndGlobalSection
	GlobalSection(SolutionProperties) = preSolution
		HideSolutionNode = FALSE
	EndGlobalSection
	GlobalSection(ExtensibilityGlobals) = postSolution
		SolutionGuid = {EBA6C156-243A-4256-8247-9C61EC24EAA6}
	EndGlobalSection
EndGlobal
