
Microsoft Visual Studio Solution File, Format Version 12.00
# Visual Studio Version 17
VisualStudioVersion = 17.7.34009.444
MinimumVisualStudioVersion = 10.0.40219.1
Project("{FAE04EC0-301F-11D3-BF4B-00C04F79EFBC}") = "LINQAPP_QUIZ2", "LINQAPP_QUIZ2\LINQAPP_QUIZ2.csproj", "{8D6E518E-6B62-4DCD-9BCC-29B32EC67F1A}"
EndProject
Global
	GlobalSection(SolutionConfigurationPlatforms) = preSolution
		Debug|Any CPU = Debug|Any CPU
		Release|Any CPU = Release|Any CPU
	EndGlobalSection
	GlobalSection(ProjectConfigurationPlatforms) = postSolution
		{8D6E518E-6B62-4DCD-9BCC-29B32EC67F1A}.Debug|Any CPU.ActiveCfg = Debug|Any CPU
		{8D6E518E-6B62-4DCD-9BCC-29B32EC67F1A}.Debug|Any CPU.Build.0 = Debug|Any CPU
		{8D6E518E-6B62-4DCD-9BCC-29B32EC67F1A}.Release|Any CPU.ActiveCfg = Release|Any CPU
		{8D6E518E-6B62-4DCD-9BCC-29B32EC67F1A}.Release|Any CPU.Build.0 = Release|Any CPU
	EndGlobalSection
	GlobalSection(SolutionProperties) = preSolution
		HideSolutionNode = FALSE
	EndGlobalSection
	GlobalSection(ExtensibilityGlobals) = postSolution
		SolutionGuid = {6C10F66E-1FB5-49C5-8676-989FD12AF7E3}
	EndGlobalSection
EndGlobal
