
Microsoft Visual Studio Solution File, Format Version 12.00
# Visual Studio Version 17
VisualStudioVersion = 17.6.33815.320
MinimumVisualStudioVersion = 10.0.40219.1
Project("{FAE04EC0-301F-11D3-BF4B-00C04F79EFBC}") = "App052", "App052\App052.csproj", "{DC074B9E-60DA-4AD4-85DA-91050D24307E}"
EndProject
Global
	GlobalSection(SolutionConfigurationPlatforms) = preSolution
		Debug|Any CPU = Debug|Any CPU
		Release|Any CPU = Release|Any CPU
	EndGlobalSection
	GlobalSection(ProjectConfigurationPlatforms) = postSolution
		{DC074B9E-60DA-4AD4-85DA-91050D24307E}.Debug|Any CPU.ActiveCfg = Debug|Any CPU
		{DC074B9E-60DA-4AD4-85DA-91050D24307E}.Debug|Any CPU.Build.0 = Debug|Any CPU
		{DC074B9E-60DA-4AD4-85DA-91050D24307E}.Release|Any CPU.ActiveCfg = Release|Any CPU
		{DC074B9E-60DA-4AD4-85DA-91050D24307E}.Release|Any CPU.Build.0 = Release|Any CPU
	EndGlobalSection
	GlobalSection(SolutionProperties) = preSolution
		HideSolutionNode = FALSE
	EndGlobalSection
	GlobalSection(ExtensibilityGlobals) = postSolution
		SolutionGuid = {4DD5D4EA-755E-4830-883B-9B39A5A9BBE0}
	EndGlobalSection
EndGlobal
