
Microsoft Visual Studio Solution File, Format Version 12.00
# Visual Studio Version 17
VisualStudioVersion = 17.6.33815.320
MinimumVisualStudioVersion = 10.0.40219.1
Project("{FAE04EC0-301F-11D3-BF4B-00C04F79EFBC}") = "Quiz020", "Quiz020\Quiz020.csproj", "{3F427AFA-B09F-47AC-AFBE-35FFCFA3998F}"
EndProject
Global
	GlobalSection(SolutionConfigurationPlatforms) = preSolution
		Debug|Any CPU = Debug|Any CPU
		Release|Any CPU = Release|Any CPU
	EndGlobalSection
	GlobalSection(ProjectConfigurationPlatforms) = postSolution
		{3F427AFA-B09F-47AC-AFBE-35FFCFA3998F}.Debug|Any CPU.ActiveCfg = Debug|Any CPU
		{3F427AFA-B09F-47AC-AFBE-35FFCFA3998F}.Debug|Any CPU.Build.0 = Debug|Any CPU
		{3F427AFA-B09F-47AC-AFBE-35FFCFA3998F}.Release|Any CPU.ActiveCfg = Release|Any CPU
		{3F427AFA-B09F-47AC-AFBE-35FFCFA3998F}.Release|Any CPU.Build.0 = Release|Any CPU
	EndGlobalSection
	GlobalSection(SolutionProperties) = preSolution
		HideSolutionNode = FALSE
	EndGlobalSection
	GlobalSection(ExtensibilityGlobals) = postSolution
		SolutionGuid = {360B66D1-AB4A-4308-8CD2-82153C39FD47}
	EndGlobalSection
EndGlobal
