
Microsoft Visual Studio Solution File, Format Version 12.00
# Visual Studio Version 17
VisualStudioVersion = 17.6.33815.320
MinimumVisualStudioVersion = 10.0.40219.1
Project("{FAE04EC0-301F-11D3-BF4B-00C04F79EFBC}") = "App059", "App059\App059.csproj", "{1C168AE8-5361-43BD-8AC8-4C34A2D7A14B}"
EndProject
Global
	GlobalSection(SolutionConfigurationPlatforms) = preSolution
		Debug|Any CPU = Debug|Any CPU
		Release|Any CPU = Release|Any CPU
	EndGlobalSection
	GlobalSection(ProjectConfigurationPlatforms) = postSolution
		{1C168AE8-5361-43BD-8AC8-4C34A2D7A14B}.Debug|Any CPU.ActiveCfg = Debug|Any CPU
		{1C168AE8-5361-43BD-8AC8-4C34A2D7A14B}.Debug|Any CPU.Build.0 = Debug|Any CPU
		{1C168AE8-5361-43BD-8AC8-4C34A2D7A14B}.Release|Any CPU.ActiveCfg = Release|Any CPU
		{1C168AE8-5361-43BD-8AC8-4C34A2D7A14B}.Release|Any CPU.Build.0 = Release|Any CPU
	EndGlobalSection
	GlobalSection(SolutionProperties) = preSolution
		HideSolutionNode = FALSE
	EndGlobalSection
	GlobalSection(ExtensibilityGlobals) = postSolution
		SolutionGuid = {E60E99A4-E604-442F-9031-4DE1BA01634F}
	EndGlobalSection
EndGlobal
