
Microsoft Visual Studio Solution File, Format Version 12.00
# Visual Studio Version 17
VisualStudioVersion = 17.6.33815.320
MinimumVisualStudioVersion = 10.0.40219.1
Project("{FAE04EC0-301F-11D3-BF4B-00C04F79EFBC}") = "App151", "App151\App151.csproj", "{AC071302-7F2D-4F45-A48D-029AA7BE99C7}"
EndProject
Global
	GlobalSection(SolutionConfigurationPlatforms) = preSolution
		Debug|Any CPU = Debug|Any CPU
		Release|Any CPU = Release|Any CPU
	EndGlobalSection
	GlobalSection(ProjectConfigurationPlatforms) = postSolution
		{AC071302-7F2D-4F45-A48D-029AA7BE99C7}.Debug|Any CPU.ActiveCfg = Debug|Any CPU
		{AC071302-7F2D-4F45-A48D-029AA7BE99C7}.Debug|Any CPU.Build.0 = Debug|Any CPU
		{AC071302-7F2D-4F45-A48D-029AA7BE99C7}.Release|Any CPU.ActiveCfg = Release|Any CPU
		{AC071302-7F2D-4F45-A48D-029AA7BE99C7}.Release|Any CPU.Build.0 = Release|Any CPU
	EndGlobalSection
	GlobalSection(SolutionProperties) = preSolution
		HideSolutionNode = FALSE
	EndGlobalSection
	GlobalSection(ExtensibilityGlobals) = postSolution
		SolutionGuid = {0AD48C9A-AA3C-4500-BE11-78D58AA9601D}
	EndGlobalSection
EndGlobal
